{
  "version": 4,
  "terraform_version": "1.14.3",
  "serial": 83,
  "lineage": "b64fb7bd-c24d-b31f-f8e2-58ebb13d4f55",
  "outputs": {},
  "resources": [
    {
      "mode": "managed",
      "type": "aws_s3_bucket",
      "name": "task_storage",
      "provider": "provider[\"registry.terraform.io/hashicorp/aws\"]",
      "instances": [
        {
          "schema_version": 0,
          "attributes": {
            "acceleration_status": "",
            "acl": null,
            "arn": "arn:aws:s3:::task-telemetry-storage",
            "bucket": "task-telemetry-storage",
            "bucket_domain_name": "task-telemetry-storage.s3.amazonaws.com",
            "bucket_prefix": "",
            "bucket_regional_domain_name": "task-telemetry-storage.s3.ap-south-1.amazonaws.com",
            "cors_rule": [],
            "force_destroy": false,
            "grant": [
              {
                "id": "c543a2b62abbe8da8395634ae9adf249513f63e1fabb8a2e2aff46934775750c",
                "permissions": [
                  "FULL_CONTROL"
                ],
                "type": "CanonicalUser",
                "uri": ""
              }
            ],
            "hosted_zone_id": "Z11RGJOFQNVJUP",
            "id": "task-telemetry-storage",
            "lifecycle_rule": [],
            "logging": [],
            "object_lock_configuration": [],
            "object_lock_enabled": false,
            "policy": "",
            "region": "ap-south-1",
            "replication_configuration": [],
            "request_payer": "BucketOwner",
            "server_side_encryption_configuration": [
              {
                "rule": [
                  {
                    "apply_server_side_encryption_by_default": [
                      {
                        "kms_master_key_id": "",
                        "sse_algorithm": "AES256"
                      }
                    ],
                    "bucket_key_enabled": false
                  }
                ]
              }
            ],
            "tags": null,
            "tags_all": {},
            "timeouts": null,
            "versioning": [
              {
                "enabled": false,
                "mfa_delete": false
              }
            ],
            "website": [],
            "website_domain": null,
            "website_endpoint": null
          },
          "sensitive_attributes": [],
          "identity_schema_version": 0,
          "private": "eyJlMmJmYjczMC1lY2FhLTExZTYtOGY4OC0zNDM2M2JjN2M0YzAiOnsiY3JlYXRlIjoxMjAwMDAwMDAwMDAwLCJkZWxldGUiOjM2MDAwMDAwMDAwMDAsInJlYWQiOjEyMDAwMDAwMDAwMDAsInVwZGF0ZSI6MTIwMDAwMDAwMDAwMH19"
        }
      ]
    },
    {
      "mode": "managed",
      "type": "helm_release",
      "name": "prometheus",
      "provider": "provider[\"registry.terraform.io/hashicorp/helm\"]",
      "instances": [
        {
          "schema_version": 1,
          "attributes": {
            "atomic": false,
            "chart": "kube-prometheus-stack",
            "cleanup_on_fail": false,
            "create_namespace": false,
            "dependency_update": false,
            "description": null,
            "devel": null,
            "disable_crd_hooks": false,
            "disable_openapi_validation": false,
            "disable_webhooks": false,
            "force_update": false,
            "id": "prometheus",
            "keyring": null,
            "lint": false,
            "manifest": null,
            "max_history": 0,
            "metadata": [
              {
                "app_version": "v0.88.0",
                "chart": "kube-prometheus-stack",
                "first_deployed": 1769079419,
                "last_deployed": 1769079419,
                "name": "prometheus",
                "namespace": "default",
                "notes": "kube-state-metrics is a simple service that listens to the Kubernetes API server and generates metrics about the state of the objects.\nThe exposed metrics can be found here:\nhttps://github.com/kubernetes/kube-state-metrics/blob/master/docs/README.md#exposed-metrics\n\nThe metrics are exported on the HTTP endpoint /metrics on the listening port.\nIn your case, prometheus-kube-state-metrics.default.svc.cluster.local:8080/metrics\n\nThey are served either as plaintext or protobuf depending on the Accept header.\nThey are designed to be consumed either by Prometheus itself or by a scraper that is compatible with scraping a Prometheus client endpoint.\n\nkube-prometheus-stack has been installed. Check its status by running:\n  kubectl --namespace default get pods -l \"release=prometheus\"\n\nGet Grafana 'admin' user password by running:\n\n  kubectl --namespace default get secrets prometheus-grafana -o jsonpath=\"{.data.admin-password}\" | base64 -d ; echo\n\nAccess Grafana local instance:\n\n  export POD_NAME=$(kubectl --namespace default get pod -l \"app.kubernetes.io/name=grafana,app.kubernetes.io/instance=prometheus\" -oname)\n  kubectl --namespace default port-forward $POD_NAME 3000\n\nGet your grafana admin user password by running:\n\n  kubectl get secret --namespace default -l app.kubernetes.io/component=admin-secret -o jsonpath=\"{.items[0].data.admin-password}\" | base64 --decode ; echo\n\n\nVisit https://github.com/prometheus-operator/kube-prometheus for instructions on how to create \u0026 configure Alertmanager and Prometheus instances using the Operator.\n\n1. Get the application URL by running these commands:\n  export POD_NAME=$(kubectl get pods --namespace default -l \"app.kubernetes.io/name=prometheus-node-exporter,app.kubernetes.io/instance=prometheus\" -o jsonpath=\"{.items[0].metadata.name}\")\n  echo \"Visit http://127.0.0.1:9100 to use your application\"\n  kubectl port-forward --namespace default $POD_NAME 9100\n1. Get your 'admin' user password by running:\n\n   kubectl get secret --namespace default prometheus-grafana -o jsonpath=\"{.data.admin-password}\" | base64 --decode ; echo\n\n\n2. The Grafana server can be accessed via port 80 on the following DNS name from within your cluster:\n\n   prometheus-grafana.default.svc.cluster.local\n\n   Get the Grafana URL to visit by running these commands in the same shell:\n     export NODE_PORT=$(kubectl get --namespace default -o jsonpath=\"{.spec.ports[0].nodePort}\" services prometheus-grafana)\n     export NODE_IP=$(kubectl get nodes --namespace default -o jsonpath=\"{.items[0].status.addresses[0].address}\")\n     echo http://$NODE_IP:$NODE_PORT\n\n3. Login with the password from step 1 and the username: admin\n#################################################################################\n######   WARNING: Persistence is disabled!!! You will lose your data when   #####\n######            the Grafana pod is terminated.                            #####\n#################################################################################\n",
                "revision": 1,
                "values": "{\"grafana\":{\"service\":{\"nodePort\":30002,\"type\":\"NodePort\"}}}",
                "version": "81.2.0"
              }
            ],
            "name": "prometheus",
            "namespace": "default",
            "pass_credentials": false,
            "postrender": [],
            "recreate_pods": false,
            "render_subchart_notes": true,
            "replace": false,
            "repository": "https://prometheus-community.github.io/helm-charts",
            "repository_ca_file": null,
            "repository_cert_file": null,
            "repository_key_file": null,
            "repository_password": null,
            "repository_username": null,
            "reset_values": false,
            "reuse_values": false,
            "set": [
              {
                "name": "grafana.service.nodePort",
                "type": "",
                "value": "30002"
              },
              {
                "name": "grafana.service.type",
                "type": "",
                "value": "NodePort"
              }
            ],
            "set_list": [],
            "set_sensitive": [],
            "skip_crds": false,
            "status": "deployed",
            "timeout": 300,
            "upgrade_install": null,
            "values": null,
            "verify": false,
            "version": "81.2.0",
            "wait": true,
            "wait_for_jobs": false
          },
          "sensitive_attributes": [
            [
              {
                "type": "get_attr",
                "value": "repository_password"
              }
            ]
          ],
          "identity_schema_version": 0,
          "private": "eyJzY2hlbWFfdmVyc2lvbiI6IjEifQ=="
        }
      ]
    },
    {
      "mode": "managed",
      "type": "kubernetes_deployment",
      "name": "flask_api",
      "provider": "provider[\"registry.terraform.io/hashicorp/kubernetes\"]",
      "instances": [
        {
          "schema_version": 1,
          "attributes": {
            "id": "default/flask-deployment",
            "metadata": [
              {
                "annotations": null,
                "generate_name": "",
                "generation": 1,
                "labels": null,
                "name": "flask-deployment",
                "namespace": "default",
                "resource_version": "1018048",
                "uid": "5d4bd26c-8102-4e30-a888-c1e859e0d7cb"
              }
            ],
            "spec": [
              {
                "min_ready_seconds": 0,
                "paused": false,
                "progress_deadline_seconds": 600,
                "replicas": "1",
                "revision_history_limit": 10,
                "selector": [
                  {
                    "match_expressions": [],
                    "match_labels": {
                      "app": "flask-api"
                    }
                  }
                ],
                "strategy": [
                  {
                    "rolling_update": [
                      {
                        "max_surge": "25%",
                        "max_unavailable": "25%"
                      }
                    ],
                    "type": "RollingUpdate"
                  }
                ],
                "template": [
                  {
                    "metadata": [
                      {
                        "annotations": null,
                        "generate_name": "",
                        "generation": 0,
                        "labels": {
                          "app": "flask-api"
                        },
                        "name": "",
                        "namespace": "",
                        "resource_version": "",
                        "uid": ""
                      }
                    ],
                    "spec": [
                      {
                        "active_deadline_seconds": 0,
                        "affinity": [],
                        "automount_service_account_token": true,
                        "container": [
                          {
                            "args": null,
                            "command": null,
                            "env": [
                              {
                                "name": "REDIS_HOST",
                                "value": "redis-service",
                                "value_from": []
                              }
                            ],
                            "env_from": [],
                            "image": "flask-telemetry:latest",
                            "image_pull_policy": "Never",
                            "lifecycle": [],
                            "liveness_probe": [],
                            "name": "flask-container",
                            "port": [
                              {
                                "container_port": 5000,
                                "host_ip": "",
                                "host_port": 0,
                                "name": "http-metrics",
                                "protocol": "TCP"
                              }
                            ],
                            "readiness_probe": [],
                            "resources": [
                              {
                                "limits": {},
                                "requests": {}
                              }
                            ],
                            "security_context": [],
                            "startup_probe": [],
                            "stdin": false,
                            "stdin_once": false,
                            "termination_message_path": "/dev/termination-log",
                            "termination_message_policy": "File",
                            "tty": false,
                            "volume_device": [],
                            "volume_mount": [],
                            "working_dir": ""
                          }
                        ],
                        "dns_config": [],
                        "dns_policy": "ClusterFirst",
                        "enable_service_links": true,
                        "host_aliases": [],
                        "host_ipc": false,
                        "host_network": false,
                        "host_pid": false,
                        "hostname": "",
                        "image_pull_secrets": [],
                        "init_container": [],
                        "node_name": "",
                        "node_selector": null,
                        "os": [],
                        "priority_class_name": "",
                        "readiness_gate": [],
                        "restart_policy": "Always",
                        "runtime_class_name": "",
                        "scheduler_name": "default-scheduler",
                        "security_context": [],
                        "service_account_name": "",
                        "share_process_namespace": false,
                        "subdomain": "",
                        "termination_grace_period_seconds": 30,
                        "toleration": [],
                        "topology_spread_constraint": [],
                        "volume": []
                      }
                    ]
                  }
                ]
              }
            ],
            "timeouts": null,
            "wait_for_rollout": true
          },
          "sensitive_attributes": [],
          "identity_schema_version": 0,
          "private": "eyJlMmJmYjczMC1lY2FhLTExZTYtOGY4OC0zNDM2M2JjN2M0YzAiOnsiY3JlYXRlIjo2MDAwMDAwMDAwMDAsImRlbGV0ZSI6NjAwMDAwMDAwMDAwLCJ1cGRhdGUiOjYwMDAwMDAwMDAwMH0sInNjaGVtYV92ZXJzaW9uIjoiMSJ9"
        }
      ]
    },
    {
      "mode": "managed",
      "type": "kubernetes_deployment",
      "name": "redis",
      "provider": "provider[\"registry.terraform.io/hashicorp/kubernetes\"]",
      "instances": [
        {
          "schema_version": 1,
          "attributes": {
            "id": "default/redis-deployment",
            "metadata": [
              {
                "annotations": null,
                "generate_name": "",
                "generation": 1,
                "labels": null,
                "name": "redis-deployment",
                "namespace": "default",
                "resource_version": "1018053",
                "uid": "964485aa-64e6-4888-ab1f-3a595429b71a"
              }
            ],
            "spec": [
              {
                "min_ready_seconds": 0,
                "paused": false,
                "progress_deadline_seconds": 600,
                "replicas": "1",
                "revision_history_limit": 10,
                "selector": [
                  {
                    "match_expressions": [],
                    "match_labels": {
                      "app": "redis"
                    }
                  }
                ],
                "strategy": [
                  {
                    "rolling_update": [
                      {
                        "max_surge": "25%",
                        "max_unavailable": "25%"
                      }
                    ],
                    "type": "RollingUpdate"
                  }
                ],
                "template": [
                  {
                    "metadata": [
                      {
                        "annotations": null,
                        "generate_name": "",
                        "generation": 0,
                        "labels": {
                          "app": "redis"
                        },
                        "name": "",
                        "namespace": "",
                        "resource_version": "",
                        "uid": ""
                      }
                    ],
                    "spec": [
                      {
                        "active_deadline_seconds": 0,
                        "affinity": [],
                        "automount_service_account_token": true,
                        "container": [
                          {
                            "args": null,
                            "command": null,
                            "env": [],
                            "env_from": [],
                            "image": "redis:alpine",
                            "image_pull_policy": "IfNotPresent",
                            "lifecycle": [],
                            "liveness_probe": [],
                            "name": "redis",
                            "port": [
                              {
                                "container_port": 6379,
                                "host_ip": "",
                                "host_port": 0,
                                "name": "",
                                "protocol": "TCP"
                              }
                            ],
                            "readiness_probe": [],
                            "resources": [
                              {
                                "limits": {},
                                "requests": {}
                              }
                            ],
                            "security_context": [],
                            "startup_probe": [],
                            "stdin": false,
                            "stdin_once": false,
                            "termination_message_path": "/dev/termination-log",
                            "termination_message_policy": "File",
                            "tty": false,
                            "volume_device": [],
                            "volume_mount": [],
                            "working_dir": ""
                          }
                        ],
                        "dns_config": [],
                        "dns_policy": "ClusterFirst",
                        "enable_service_links": true,
                        "host_aliases": [],
                        "host_ipc": false,
                        "host_network": false,
                        "host_pid": false,
                        "hostname": "",
                        "image_pull_secrets": [],
                        "init_container": [],
                        "node_name": "",
                        "node_selector": null,
                        "os": [],
                        "priority_class_name": "",
                        "readiness_gate": [],
                        "restart_policy": "Always",
                        "runtime_class_name": "",
                        "scheduler_name": "default-scheduler",
                        "security_context": [],
                        "service_account_name": "",
                        "share_process_namespace": false,
                        "subdomain": "",
                        "termination_grace_period_seconds": 30,
                        "toleration": [],
                        "topology_spread_constraint": [],
                        "volume": []
                      }
                    ]
                  }
                ]
              }
            ],
            "timeouts": null,
            "wait_for_rollout": true
          },
          "sensitive_attributes": [],
          "identity_schema_version": 0,
          "private": "eyJlMmJmYjczMC1lY2FhLTExZTYtOGY4OC0zNDM2M2JjN2M0YzAiOnsiY3JlYXRlIjo2MDAwMDAwMDAwMDAsImRlbGV0ZSI6NjAwMDAwMDAwMDAwLCJ1cGRhdGUiOjYwMDAwMDAwMDAwMH0sInNjaGVtYV92ZXJzaW9uIjoiMSJ9"
        }
      ]
    },
    {
      "mode": "managed",
      "type": "kubernetes_manifest",
      "name": "flask_servicemonitor",
      "provider": "provider[\"registry.terraform.io/hashicorp/kubernetes\"]",
      "instances": [
        {
          "schema_version": 1,
          "attributes": {
            "computed_fields": null,
            "field_manager": [],
            "manifest": {
              "value": {
                "apiVersion": "monitoring.coreos.com/v1",
                "kind": "ServiceMonitor",
                "metadata": {
                  "labels": {
                    "release": "prometheus"
                  },
                  "name": "flask-servicemonitor",
                  "namespace": "default"
                },
                "spec": {
                  "endpoints": [
                    {
                      "path": "/metrics",
                      "port": "http-metrics"
                    }
                  ],
                  "selector": {
                    "matchLabels": {
                      "app": "flask-api"
                    }
                  }
                }
              },
              "type": [
                "object",
                {
                  "apiVersion": "string",
                  "kind": "string",
                  "metadata": [
                    "object",
                    {
                      "labels": [
                        "object",
                        {
                          "release": "string"
                        }
                      ],
                      "name": "string",
                      "namespace": "string"
                    }
                  ],
                  "spec": [
                    "object",
                    {
                      "endpoints": [
                        "tuple",
                        [
                          [
                            "object",
                            {
                              "path": "string",
                              "port": "string"
                            }
                          ]
                        ]
                      ],
                      "selector": [
                        "object",
                        {
                          "matchLabels": [
                            "object",
                            {
                              "app": "string"
                            }
                          ]
                        }
                      ]
                    }
                  ]
                }
              ]
            },
            "object": {
              "value": {
                "apiVersion": "monitoring.coreos.com/v1",
                "kind": "ServiceMonitor",
                "metadata": {
                  "annotations": null,
                  "creationTimestamp": null,
                  "deletionGracePeriodSeconds": null,
                  "deletionTimestamp": null,
                  "finalizers": null,
                  "generateName": null,
                  "generation": null,
                  "labels": {
                    "release": "prometheus"
                  },
                  "managedFields": null,
                  "name": "flask-servicemonitor",
                  "namespace": "default",
                  "ownerReferences": null,
                  "resourceVersion": null,
                  "selfLink": null,
                  "uid": null
                },
                "spec": {
                  "attachMetadata": {
                    "node": null
                  },
                  "bodySizeLimit": null,
                  "convertClassicHistogramsToNHCB": null,
                  "endpoints": [
                    {
                      "authorization": {
                        "credentials": {
                          "key": null,
                          "name": null,
                          "optional": null
                        },
                        "type": null
                      },
                      "basicAuth": {
                        "password": {
                          "key": null,
                          "name": null,
                          "optional": null
                        },
                        "username": {
                          "key": null,
                          "name": null,
                          "optional": null
                        }
                      },
                      "bearerTokenFile": null,
                      "bearerTokenSecret": {
                        "key": null,
                        "name": null,
                        "optional": null
                      },
                      "enableHttp2": null,
                      "filterRunning": null,
                      "followRedirects": null,
                      "honorLabels": null,
                      "honorTimestamps": null,
                      "interval": null,
                      "metricRelabelings": null,
                      "noProxy": null,
                      "oauth2": {
                        "clientId": {
                          "configMap": {
                            "key": null,
                            "name": null,
                            "optional": null
                          },
                          "secret": {
                            "key": null,
                            "name": null,
                            "optional": null
                          }
                        },
                        "clientSecret": {
                          "key": null,
                          "name": null,
                          "optional": null
                        },
                        "endpointParams": null,
                        "noProxy": null,
                        "proxyConnectHeader": null,
                        "proxyFromEnvironment": null,
                        "proxyUrl": null,
                        "scopes": null,
                        "tlsConfig": {
                          "ca": {
                            "configMap": {
                              "key": null,
                              "name": null,
                              "optional": null
                            },
                            "secret": {
                              "key": null,
                              "name": null,
                              "optional": null
                            }
                          },
                          "cert": {
                            "configMap": {
                              "key": null,
                              "name": null,
                              "optional": null
                            },
                            "secret": {
                              "key": null,
                              "name": null,
                              "optional": null
                            }
                          },
                          "insecureSkipVerify": null,
                          "keySecret": {
                            "key": null,
                            "name": null,
                            "optional": null
                          },
                          "maxVersion": null,
                          "minVersion": null,
                          "serverName": null
                        },
                        "tokenUrl": null
                      },
                      "params": null,
                      "path": "/metrics",
                      "port": "http-metrics",
                      "proxyConnectHeader": null,
                      "proxyFromEnvironment": null,
                      "proxyUrl": null,
                      "relabelings": null,
                      "scheme": null,
                      "scrapeTimeout": null,
                      "targetPort": null,
                      "tlsConfig": {
                        "ca": {
                          "configMap": {
                            "key": null,
                            "name": null,
                            "optional": null
                          },
                          "secret": {
                            "key": null,
                            "name": null,
                            "optional": null
                          }
                        },
                        "caFile": null,
                        "cert": {
                          "configMap": {
                            "key": null,
                            "name": null,
                            "optional": null
                          },
                          "secret": {
                            "key": null,
                            "name": null,
                            "optional": null
                          }
                        },
                        "certFile": null,
                        "insecureSkipVerify": null,
                        "keyFile": null,
                        "keySecret": {
                          "key": null,
                          "name": null,
                          "optional": null
                        },
                        "maxVersion": null,
                        "minVersion": null,
                        "serverName": null
                      },
                      "trackTimestampsStaleness": null
                    }
                  ],
                  "fallbackScrapeProtocol": null,
                  "jobLabel": null,
                  "keepDroppedTargets": null,
                  "labelLimit": null,
                  "labelNameLengthLimit": null,
                  "labelValueLengthLimit": null,
                  "namespaceSelector": {
                    "any": null,
                    "matchNames": null
                  },
                  "nativeHistogramBucketLimit": null,
                  "nativeHistogramMinBucketFactor": null,
                  "podTargetLabels": null,
                  "sampleLimit": null,
                  "scrapeClass": null,
                  "scrapeClassicHistograms": null,
                  "scrapeProtocols": null,
                  "selector": {
                    "matchExpressions": null,
                    "matchLabels": {
                      "app": "flask-api"
                    }
                  },
                  "selectorMechanism": null,
                  "serviceDiscoveryRole": null,
                  "targetLabels": null,
                  "targetLimit": null
                }
              },
              "type": [
                "object",
                {
                  "apiVersion": "string",
                  "kind": "string",
                  "metadata": [
                    "object",
                    {
                      "annotations": [
                        "map",
                        "string"
                      ],
                      "creationTimestamp": "string",
                      "deletionGracePeriodSeconds": "number",
                      "deletionTimestamp": "string",
                      "finalizers": [
                        "list",
                        "string"
                      ],
                      "generateName": "string",
                      "generation": "number",
                      "labels": [
                        "map",
                        "string"
                      ],
                      "managedFields": [
                        "tuple",
                        [
                          [
                            "object",
                            {
                              "apiVersion": "string",
                              "fieldsType": "string",
                              "fieldsV1": "dynamic",
                              "manager": "string",
                              "operation": "string",
                              "subresource": "string",
                              "time": "string"
                            }
                          ]
                        ]
                      ],
                      "name": "string",
                      "namespace": "string",
                      "ownerReferences": [
                        "list",
                        [
                          "object",
                          {
                            "apiVersion": "string",
                            "blockOwnerDeletion": "bool",
                            "controller": "bool",
                            "kind": "string",
                            "name": "string",
                            "uid": "string"
                          }
                        ]
                      ],
                      "resourceVersion": "string",
                      "selfLink": "string",
                      "uid": "string"
                    }
                  ],
                  "spec": [
                    "object",
                    {
                      "attachMetadata": [
                        "object",
                        {
                          "node": "bool"
                        }
                      ],
                      "bodySizeLimit": "string",
                      "convertClassicHistogramsToNHCB": "bool",
                      "endpoints": [
                        "list",
                        [
                          "object",
                          {
                            "authorization": [
                              "object",
                              {
                                "credentials": [
                                  "object",
                                  {
                                    "key": "string",
                                    "name": "string",
                                    "optional": "bool"
                                  }
                                ],
                                "type": "string"
                              }
                            ],
                            "basicAuth": [
                              "object",
                              {
                                "password": [
                                  "object",
                                  {
                                    "key": "string",
                                    "name": "string",
                                    "optional": "bool"
                                  }
                                ],
                                "username": [
                                  "object",
                                  {
                                    "key": "string",
                                    "name": "string",
                                    "optional": "bool"
                                  }
                                ]
                              }
                            ],
                            "bearerTokenFile": "string",
                            "bearerTokenSecret": [
                              "object",
                              {
                                "key": "string",
                                "name": "string",
                                "optional": "bool"
                              }
                            ],
                            "enableHttp2": "bool",
                            "filterRunning": "bool",
                            "followRedirects": "bool",
                            "honorLabels": "bool",
                            "honorTimestamps": "bool",
                            "interval": "string",
                            "metricRelabelings": [
                              "list",
                              [
                                "object",
                                {
                                  "action": "string",
                                  "modulus": "number",
                                  "regex": "string",
                                  "replacement": "string",
                                  "separator": "string",
                                  "sourceLabels": [
                                    "list",
                                    "string"
                                  ],
                                  "targetLabel": "string"
                                }
                              ]
                            ],
                            "noProxy": "string",
                            "oauth2": [
                              "object",
                              {
                                "clientId": [
                                  "object",
                                  {
                                    "configMap": [
                                      "object",
                                      {
                                        "key": "string",
                                        "name": "string",
                                        "optional": "bool"
                                      }
                                    ],
                                    "secret": [
                                      "object",
                                      {
                                        "key": "string",
                                        "name": "string",
                                        "optional": "bool"
                                      }
                                    ]
                                  }
                                ],
                                "clientSecret": [
                                  "object",
                                  {
                                    "key": "string",
                                    "name": "string",
                                    "optional": "bool"
                                  }
                                ],
                                "endpointParams": [
                                  "map",
                                  "string"
                                ],
                                "noProxy": "string",
                                "proxyConnectHeader": [
                                  "map",
                                  [
                                    "list",
                                    [
                                      "object",
                                      {
                                        "key": "string",
                                        "name": "string",
                                        "optional": "bool"
                                      }
                                    ]
                                  ]
                                ],
                                "proxyFromEnvironment": "bool",
                                "proxyUrl": "string",
                                "scopes": [
                                  "list",
                                  "string"
                                ],
                                "tlsConfig": [
                                  "object",
                                  {
                                    "ca": [
                                      "object",
                                      {
                                        "configMap": [
                                          "object",
                                          {
                                            "key": "string",
                                            "name": "string",
                                            "optional": "bool"
                                          }
                                        ],
                                        "secret": [
                                          "object",
                                          {
                                            "key": "string",
                                            "name": "string",
                                            "optional": "bool"
                                          }
                                        ]
                                      }
                                    ],
                                    "cert": [
                                      "object",
                                      {
                                        "configMap": [
                                          "object",
                                          {
                                            "key": "string",
                                            "name": "string",
                                            "optional": "bool"
                                          }
                                        ],
                                        "secret": [
                                          "object",
                                          {
                                            "key": "string",
                                            "name": "string",
                                            "optional": "bool"
                                          }
                                        ]
                                      }
                                    ],
                                    "insecureSkipVerify": "bool",
                                    "keySecret": [
                                      "object",
                                      {
                                        "key": "string",
                                        "name": "string",
                                        "optional": "bool"
                                      }
                                    ],
                                    "maxVersion": "string",
                                    "minVersion": "string",
                                    "serverName": "string"
                                  }
                                ],
                                "tokenUrl": "string"
                              }
                            ],
                            "params": [
                              "map",
                              [
                                "list",
                                "string"
                              ]
                            ],
                            "path": "string",
                            "port": "string",
                            "proxyConnectHeader": [
                              "map",
                              [
                                "list",
                                [
                                  "object",
                                  {
                                    "key": "string",
                                    "name": "string",
                                    "optional": "bool"
                                  }
                                ]
                              ]
                            ],
                            "proxyFromEnvironment": "bool",
                            "proxyUrl": "string",
                            "relabelings": [
                              "list",
                              [
                                "object",
                                {
                                  "action": "string",
                                  "modulus": "number",
                                  "regex": "string",
                                  "replacement": "string",
                                  "separator": "string",
                                  "sourceLabels": [
                                    "list",
                                    "string"
                                  ],
                                  "targetLabel": "string"
                                }
                              ]
                            ],
                            "scheme": "string",
                            "scrapeTimeout": "string",
                            "targetPort": "string",
                            "tlsConfig": [
                              "object",
                              {
                                "ca": [
                                  "object",
                                  {
                                    "configMap": [
                                      "object",
                                      {
                                        "key": "string",
                                        "name": "string",
                                        "optional": "bool"
                                      }
                                    ],
                                    "secret": [
                                      "object",
                                      {
                                        "key": "string",
                                        "name": "string",
                                        "optional": "bool"
                                      }
                                    ]
                                  }
                                ],
                                "caFile": "string",
                                "cert": [
                                  "object",
                                  {
                                    "configMap": [
                                      "object",
                                      {
                                        "key": "string",
                                        "name": "string",
                                        "optional": "bool"
                                      }
                                    ],
                                    "secret": [
                                      "object",
                                      {
                                        "key": "string",
                                        "name": "string",
                                        "optional": "bool"
                                      }
                                    ]
                                  }
                                ],
                                "certFile": "string",
                                "insecureSkipVerify": "bool",
                                "keyFile": "string",
                                "keySecret": [
                                  "object",
                                  {
                                    "key": "string",
                                    "name": "string",
                                    "optional": "bool"
                                  }
                                ],
                                "maxVersion": "string",
                                "minVersion": "string",
                                "serverName": "string"
                              }
                            ],
                            "trackTimestampsStaleness": "bool"
                          }
                        ]
                      ],
                      "fallbackScrapeProtocol": "string",
                      "jobLabel": "string",
                      "keepDroppedTargets": "number",
                      "labelLimit": "number",
                      "labelNameLengthLimit": "number",
                      "labelValueLengthLimit": "number",
                      "namespaceSelector": [
                        "object",
                        {
                          "any": "bool",
                          "matchNames": [
                            "list",
                            "string"
                          ]
                        }
                      ],
                      "nativeHistogramBucketLimit": "number",
                      "nativeHistogramMinBucketFactor": "string",
                      "podTargetLabels": [
                        "list",
                        "string"
                      ],
                      "sampleLimit": "number",
                      "scrapeClass": "string",
                      "scrapeClassicHistograms": "bool",
                      "scrapeProtocols": [
                        "list",
                        "string"
                      ],
                      "selector": [
                        "object",
                        {
                          "matchExpressions": [
                            "list",
                            [
                              "object",
                              {
                                "key": "string",
                                "operator": "string",
                                "values": [
                                  "list",
                                  "string"
                                ]
                              }
                            ]
                          ],
                          "matchLabels": [
                            "map",
                            "string"
                          ]
                        }
                      ],
                      "selectorMechanism": "string",
                      "serviceDiscoveryRole": "string",
                      "targetLabels": [
                        "list",
                        "string"
                      ],
                      "targetLimit": "number"
                    }
                  ]
                }
              ]
            },
            "timeouts": [],
            "wait": [],
            "wait_for": null
          },
          "sensitive_attributes": [],
          "identity_schema_version": 0
        }
      ]
    },
    {
      "mode": "managed",
      "type": "kubernetes_service",
      "name": "flask_api",
      "provider": "provider[\"registry.terraform.io/hashicorp/kubernetes\"]",
      "instances": [
        {
          "schema_version": 1,
          "attributes": {
            "id": "default/flask-service",
            "metadata": [
              {
                "annotations": null,
                "generate_name": "",
                "generation": 0,
                "labels": null,
                "name": "flask-service",
                "namespace": "default",
                "resource_version": "1018007",
                "uid": "cbac40a7-afe5-4875-85d9-17bdebb5de15"
              }
            ],
            "spec": [
              {
                "allocate_load_balancer_node_ports": true,
                "cluster_ip": "10.96.58.10",
                "cluster_ips": [
                  "10.96.58.10"
                ],
                "external_ips": null,
                "external_name": "",
                "external_traffic_policy": "Cluster",
                "health_check_node_port": 0,
                "internal_traffic_policy": "Cluster",
                "ip_families": [
                  "IPv4"
                ],
                "ip_family_policy": "SingleStack",
                "load_balancer_class": "",
                "load_balancer_ip": "",
                "load_balancer_source_ranges": null,
                "port": [
                  {
                    "app_protocol": "",
                    "name": "",
                    "node_port": 30001,
                    "port": 5000,
                    "protocol": "TCP",
                    "target_port": "5000"
                  }
                ],
                "publish_not_ready_addresses": false,
                "selector": {
                  "app": "flask-api"
                },
                "session_affinity": "None",
                "session_affinity_config": [],
                "type": "NodePort"
              }
            ],
            "status": [
              {
                "load_balancer": [
                  {
                    "ingress": []
                  }
                ]
              }
            ],
            "timeouts": null,
            "wait_for_load_balancer": true
          },
          "sensitive_attributes": [],
          "identity_schema_version": 0,
          "private": "eyJlMmJmYjczMC1lY2FhLTExZTYtOGY4OC0zNDM2M2JjN2M0YzAiOnsiY3JlYXRlIjo2MDAwMDAwMDAwMDB9LCJzY2hlbWFfdmVyc2lvbiI6IjEifQ=="
        }
      ]
    },
    {
      "mode": "managed",
      "type": "kubernetes_service",
      "name": "redis",
      "provider": "provider[\"registry.terraform.io/hashicorp/kubernetes\"]",
      "instances": [
        {
          "schema_version": 1,
          "attributes": {
            "id": "default/redis-service",
            "metadata": [
              {
                "annotations": null,
                "generate_name": "",
                "generation": 0,
                "labels": null,
                "name": "redis-service",
                "namespace": "default",
                "resource_version": "1018005",
                "uid": "44417a98-92fb-4275-b43f-c4b4ea6f7692"
              }
            ],
            "spec": [
              {
                "allocate_load_balancer_node_ports": true,
                "cluster_ip": "10.96.111.114",
                "cluster_ips": [
                  "10.96.111.114"
                ],
                "external_ips": null,
                "external_name": "",
                "external_traffic_policy": "",
                "health_check_node_port": 0,
                "internal_traffic_policy": "Cluster",
                "ip_families": [
                  "IPv4"
                ],
                "ip_family_policy": "SingleStack",
                "load_balancer_class": "",
                "load_balancer_ip": "",
                "load_balancer_source_ranges": null,
                "port": [
                  {
                    "app_protocol": "",
                    "name": "",
                    "node_port": 0,
                    "port": 6379,
                    "protocol": "TCP",
                    "target_port": "6379"
                  }
                ],
                "publish_not_ready_addresses": false,
                "selector": {
                  "app": "redis"
                },
                "session_affinity": "None",
                "session_affinity_config": [],
                "type": "ClusterIP"
              }
            ],
            "status": [
              {
                "load_balancer": [
                  {
                    "ingress": []
                  }
                ]
              }
            ],
            "timeouts": null,
            "wait_for_load_balancer": true
          },
          "sensitive_attributes": [],
          "identity_schema_version": 0,
          "private": "eyJlMmJmYjczMC1lY2FhLTExZTYtOGY4OC0zNDM2M2JjN2M0YzAiOnsiY3JlYXRlIjo2MDAwMDAwMDAwMDB9LCJzY2hlbWFfdmVyc2lvbiI6IjEifQ=="
        }
      ]
    },
    {
      "module": "module.eks",
      "mode": "data",
      "type": "aws_caller_identity",
      "name": "current",
      "provider": "provider[\"registry.terraform.io/hashicorp/aws\"]",
      "instances": [
        {
          "schema_version": 0,
          "attributes": {
            "account_id": "740994137212",
            "arn": "arn:aws:iam::740994137212:user/akshay-devops",
            "id": "740994137212",
            "user_id": "AIDA2ZBVRHR6CLJUNA5V6"
          },
          "sensitive_attributes": [],
          "identity_schema_version": 0
        }
      ]
    },
    {
      "module": "module.eks",
      "mode": "data",
      "type": "aws_iam_policy_document",
      "name": "assume_role_policy",
      "provider": "provider[\"registry.terraform.io/hashicorp/aws\"]",
      "instances": [
        {
          "index_key": 0,
          "schema_version": 0,
          "attributes": {
            "id": "2764486067",
            "json": "{\n  \"Version\": \"2012-10-17\",\n  \"Statement\": [\n    {\n      \"Sid\": \"EKSClusterAssumeRole\",\n      \"Effect\": \"Allow\",\n      \"Action\": \"sts:AssumeRole\",\n      \"Principal\": {\n        \"Service\": \"eks.amazonaws.com\"\n      }\n    }\n  ]\n}",
            "minified_json": "{\"Version\":\"2012-10-17\",\"Statement\":[{\"Sid\":\"EKSClusterAssumeRole\",\"Effect\":\"Allow\",\"Action\":\"sts:AssumeRole\",\"Principal\":{\"Service\":\"eks.amazonaws.com\"}}]}",
            "override_json": null,
            "override_policy_documents": null,
            "policy_id": null,
            "source_json": null,
            "source_policy_documents": null,
            "statement": [
              {
                "actions": [
                  "sts:AssumeRole"
                ],
                "condition": [],
                "effect": "Allow",
                "not_actions": [],
                "not_principals": [],
                "not_resources": [],
                "principals": [
                  {
                    "identifiers": [
                      "eks.amazonaws.com"
                    ],
                    "type": "Service"
                  }
                ],
                "resources": [],
                "sid": "EKSClusterAssumeRole"
              }
            ],
            "version": "2012-10-17"
          },
          "sensitive_attributes": [],
          "identity_schema_version": 0
        }
      ]
    },
    {
      "module": "module.eks",
      "mode": "data",
      "type": "aws_iam_policy_document",
      "name": "cni_ipv6_policy",
      "provider": "provider[\"registry.terraform.io/hashicorp/aws\"]",
      "instances": []
    },
    {
      "module": "module.eks",
      "mode": "data",
      "type": "aws_iam_session_context",
      "name": "current",
      "provider": "provider[\"registry.terraform.io/hashicorp/aws\"]",
      "instances": [
        {
          "schema_version": 0,
          "attributes": {
            "arn": "arn:aws:iam::740994137212:user/akshay-devops",
            "id": "arn:aws:iam::740994137212:user/akshay-devops",
            "issuer_arn": "arn:aws:iam::740994137212:user/akshay-devops",
            "issuer_id": "",
            "issuer_name": "",
            "session_name": ""
          },
          "sensitive_attributes": [],
          "identity_schema_version": 0
        }
      ]
    },
    {
      "module": "module.eks",
      "mode": "data",
      "type": "aws_partition",
      "name": "current",
      "provider": "provider[\"registry.terraform.io/hashicorp/aws\"]",
      "instances": [
        {
          "schema_version": 0,
          "attributes": {
            "dns_suffix": "amazonaws.com",
            "id": "aws",
            "partition": "aws",
            "reverse_dns_prefix": "com.amazonaws"
          },
          "sensitive_attributes": [],
          "identity_schema_version": 0
        }
      ]
    },
    {
      "module": "module.eks",
      "mode": "managed",
      "type": "aws_cloudwatch_log_group",
      "name": "this",
      "provider": "provider[\"registry.terraform.io/hashicorp/aws\"]",
      "instances": [
        {
          "index_key": 0,
          "schema_version": 0,
          "attributes": {
            "arn": "arn:aws:logs:ap-south-1:740994137212:log-group:/aws/eks/task-telemetry-cluster/cluster",
            "id": "/aws/eks/task-telemetry-cluster/cluster",
            "kms_key_id": "",
            "log_group_class": "STANDARD",
            "name": "/aws/eks/task-telemetry-cluster/cluster",
            "name_prefix": "",
            "retention_in_days": 90,
            "skip_destroy": false,
            "tags": {
              "Name": "/aws/eks/task-telemetry-cluster/cluster"
            },
            "tags_all": {
              "Name": "/aws/eks/task-telemetry-cluster/cluster"
            }
          },
          "sensitive_attributes": [],
          "identity_schema_version": 0,
          "private": "bnVsbA==",
          "create_before_destroy": true
        }
      ]
    },
    {
      "module": "module.eks",
      "mode": "managed",
      "type": "aws_iam_policy",
      "name": "cluster_encryption",
      "provider": "provider[\"registry.terraform.io/hashicorp/aws\"]",
      "instances": [
        {
          "index_key": 0,
          "schema_version": 0,
          "attributes": {
            "arn": "arn:aws:iam::740994137212:policy/task-telemetry-cluster-cluster-ClusterEncryption2026012210570769780000000a",
            "attachment_count": 0,
            "description": "Cluster encryption policy to allow cluster role to utilize CMK provided",
            "id": "arn:aws:iam::740994137212:policy/task-telemetry-cluster-cluster-ClusterEncryption2026012210570769780000000a",
            "name": "task-telemetry-cluster-cluster-ClusterEncryption2026012210570769780000000a",
            "name_prefix": "task-telemetry-cluster-cluster-ClusterEncryption",
            "path": "/",
            "policy": "{\"Statement\":[{\"Action\":[\"kms:Encrypt\",\"kms:Decrypt\",\"kms:ListGrants\",\"kms:DescribeKey\"],\"Effect\":\"Allow\",\"Resource\":\"arn:aws:kms:ap-south-1:740994137212:key/04226790-cdd7-4042-94fc-e5cf8b55257b\"}],\"Version\":\"2012-10-17\"}",
            "policy_id": "ANPA2ZBVRHR6J7YTL7FFY",
            "tags": null,
            "tags_all": {}
          },
          "sensitive_attributes": [],
          "identity_schema_version": 0,
          "private": "bnVsbA==",
          "dependencies": [
            "module.eks.aws_iam_role.this",
            "module.eks.data.aws_caller_identity.current",
            "module.eks.data.aws_iam_policy_document.assume_role_policy",
            "module.eks.data.aws_iam_session_context.current",
            "module.eks.data.aws_partition.current",
            "module.eks.module.kms.aws_kms_external_key.this",
            "module.eks.module.kms.aws_kms_key.this",
            "module.eks.module.kms.data.aws_caller_identity.current",
            "module.eks.module.kms.data.aws_iam_policy_document.this",
            "module.eks.module.kms.data.aws_partition.current"
          ]
        }
      ]
    },
    {
      "module": "module.eks",
      "mode": "managed",
      "type": "aws_iam_policy",
      "name": "cni_ipv6_policy",
      "provider": "provider[\"registry.terraform.io/hashicorp/aws\"]",
      "instances": []
    },
    {
      "module": "module.eks",
      "mode": "managed",
      "type": "aws_iam_role",
      "name": "this",
      "provider": "provider[\"registry.terraform.io/hashicorp/aws\"]",
      "instances": [
        {
          "index_key": 0,
          "schema_version": 0,
          "attributes": {
            "arn": "arn:aws:iam::740994137212:role/task-telemetry-cluster-cluster-20260122105645596000000002",
            "assume_role_policy": "{\"Statement\":[{\"Action\":\"sts:AssumeRole\",\"Effect\":\"Allow\",\"Principal\":{\"Service\":\"eks.amazonaws.com\"},\"Sid\":\"EKSClusterAssumeRole\"}],\"Version\":\"2012-10-17\"}",
            "create_date": "2026-01-22T10:56:46Z",
            "description": "",
            "force_detach_policies": true,
            "id": "task-telemetry-cluster-cluster-20260122105645596000000002",
            "inline_policy": [
              {
                "name": "task-telemetry-cluster-cluster",
                "policy": "{\"Version\":\"2012-10-17\",\"Statement\":[{\"Action\":[\"logs:CreateLogGroup\"],\"Effect\":\"Deny\",\"Resource\":\"*\"}]}"
              }
            ],
            "managed_policy_arns": [],
            "max_session_duration": 3600,
            "name": "task-telemetry-cluster-cluster-20260122105645596000000002",
            "name_prefix": "task-telemetry-cluster-cluster-",
            "path": "/",
            "permissions_boundary": "",
            "tags": null,
            "tags_all": {},
            "unique_id": "AROA2ZBVRHR6H4QKG6IBB"
          },
          "sensitive_attributes": [],
          "identity_schema_version": 0,
          "private": "bnVsbA==",
          "dependencies": [
            "module.eks.data.aws_iam_policy_document.assume_role_policy",
            "module.eks.data.aws_partition.current"
          ],
          "create_before_destroy": true
        }
      ]
    },
    {
      "module": "module.eks",
      "mode": "managed",
      "type": "aws_iam_role_policy_attachment",
      "name": "additional",
      "provider": "provider[\"registry.terraform.io/hashicorp/aws\"]",
      "instances": []
    },
    {
      "module": "module.eks",
      "mode": "managed",
      "type": "aws_iam_role_policy_attachment",
      "name": "cluster_encryption",
      "provider": "provider[\"registry.terraform.io/hashicorp/aws\"]",
      "instances": [
        {
          "index_key": 0,
          "schema_version": 0,
          "attributes": {
            "id": "task-telemetry-cluster-cluster-20260122105645596000000002-2026012210570922400000000b",
            "policy_arn": "arn:aws:iam::740994137212:policy/task-telemetry-cluster-cluster-ClusterEncryption2026012210570769780000000a",
            "role": "task-telemetry-cluster-cluster-20260122105645596000000002"
          },
          "sensitive_attributes": [],
          "identity_schema_version": 0,
          "private": "bnVsbA==",
          "dependencies": [
            "module.eks.aws_iam_policy.cluster_encryption",
            "module.eks.aws_iam_role.this",
            "module.eks.data.aws_caller_identity.current",
            "module.eks.data.aws_iam_policy_document.assume_role_policy",
            "module.eks.data.aws_iam_session_context.current",
            "module.eks.data.aws_partition.current",
            "module.eks.module.kms.aws_kms_external_key.this",
            "module.eks.module.kms.aws_kms_key.this",
            "module.eks.module.kms.data.aws_caller_identity.current",
            "module.eks.module.kms.data.aws_iam_policy_document.this",
            "module.eks.module.kms.data.aws_partition.current"
          ]
        }
      ]
    },
    {
      "module": "module.eks",
      "mode": "managed",
      "type": "aws_iam_role_policy_attachment",
      "name": "this",
      "provider": "provider[\"registry.terraform.io/hashicorp/aws\"]",
      "instances": [
        {
          "index_key": "AmazonEKSClusterPolicy",
          "schema_version": 0,
          "attributes": {
            "id": "task-telemetry-cluster-cluster-20260122105645596000000002-20260122105650858700000009",
            "policy_arn": "arn:aws:iam::aws:policy/AmazonEKSClusterPolicy",
            "role": "task-telemetry-cluster-cluster-20260122105645596000000002"
          },
          "sensitive_attributes": [],
          "identity_schema_version": 0,
          "private": "bnVsbA==",
          "dependencies": [
            "module.eks.aws_iam_role.this",
            "module.eks.data.aws_iam_policy_document.assume_role_policy",
            "module.eks.data.aws_partition.current"
          ],
          "create_before_destroy": true
        },
        {
          "index_key": "AmazonEKSVPCResourceController",
          "schema_version": 0,
          "attributes": {
            "id": "task-telemetry-cluster-cluster-20260122105645596000000002-20260122105650536800000008",
            "policy_arn": "arn:aws:iam::aws:policy/AmazonEKSVPCResourceController",
            "role": "task-telemetry-cluster-cluster-20260122105645596000000002"
          },
          "sensitive_attributes": [],
          "identity_schema_version": 0,
          "private": "bnVsbA==",
          "dependencies": [
            "module.eks.aws_iam_role.this",
            "module.eks.data.aws_iam_policy_document.assume_role_policy",
            "module.eks.data.aws_partition.current"
          ],
          "create_before_destroy": true
        }
      ]
    },
    {
      "module": "module.eks",
      "mode": "managed",
      "type": "aws_security_group",
      "name": "cluster",
      "provider": "provider[\"registry.terraform.io/hashicorp/aws\"]",
      "instances": [
        {
          "index_key": 0,
          "schema_version": 1,
          "attributes": {
            "arn": "arn:aws:ec2:ap-south-1:740994137212:security-group/sg-012a64af8362026b1",
            "description": "EKS cluster security group",
            "egress": [],
            "id": "sg-012a64af8362026b1",
            "ingress": [],
            "name": "task-telemetry-cluster-cluster-20260122105645598400000004",
            "name_prefix": "task-telemetry-cluster-cluster-",
            "owner_id": "740994137212",
            "revoke_rules_on_delete": false,
            "tags": {
              "Name": "task-telemetry-cluster-cluster"
            },
            "tags_all": {
              "Name": "task-telemetry-cluster-cluster"
            },
            "timeouts": null,
            "vpc_id": "vpc-03cf372f7926c10f6"
          },
          "sensitive_attributes": [],
          "identity_schema_version": 0,
          "private": "eyJlMmJmYjczMC1lY2FhLTExZTYtOGY4OC0zNDM2M2JjN2M0YzAiOnsiY3JlYXRlIjo2MDAwMDAwMDAwMDAsImRlbGV0ZSI6OTAwMDAwMDAwMDAwfSwic2NoZW1hX3ZlcnNpb24iOiIxIn0=",
          "dependencies": [
            "module.vpc.aws_vpc.this"
          ],
          "create_before_destroy": true
        }
      ]
    },
    {
      "module": "module.eks",
      "mode": "managed",
      "type": "aws_security_group",
      "name": "node",
      "provider": "provider[\"registry.terraform.io/hashicorp/aws\"]",
      "instances": [
        {
          "index_key": 0,
          "schema_version": 1,
          "attributes": {
            "arn": "arn:aws:ec2:ap-south-1:740994137212:security-group/sg-0cfc9f648ba9aef45",
            "description": "EKS node shared security group",
            "egress": [],
            "id": "sg-0cfc9f648ba9aef45",
            "ingress": [],
            "name": "task-telemetry-cluster-node-20260122105645596700000003",
            "name_prefix": "task-telemetry-cluster-node-",
            "owner_id": "740994137212",
            "revoke_rules_on_delete": false,
            "tags": {
              "Name": "task-telemetry-cluster-node",
              "kubernetes.io/cluster/task-telemetry-cluster": "owned"
            },
            "tags_all": {
              "Name": "task-telemetry-cluster-node",
              "kubernetes.io/cluster/task-telemetry-cluster": "owned"
            },
            "timeouts": null,
            "vpc_id": "vpc-03cf372f7926c10f6"
          },
          "sensitive_attributes": [],
          "identity_schema_version": 0,
          "private": "eyJlMmJmYjczMC1lY2FhLTExZTYtOGY4OC0zNDM2M2JjN2M0YzAiOnsiY3JlYXRlIjo2MDAwMDAwMDAwMDAsImRlbGV0ZSI6OTAwMDAwMDAwMDAwfSwic2NoZW1hX3ZlcnNpb24iOiIxIn0=",
          "dependencies": [
            "module.vpc.aws_vpc.this"
          ],
          "create_before_destroy": true
        }
      ]
    },
    {
      "module": "module.eks",
      "mode": "managed",
      "type": "aws_security_group_rule",
      "name": "cluster",
      "provider": "provider[\"registry.terraform.io/hashicorp/aws\"]",
      "instances": [
        {
          "index_key": "ingress_nodes_443",
          "schema_version": 2,
          "attributes": {
            "cidr_blocks": null,
            "description": "Node groups to cluster API",
            "from_port": 443,
            "id": "sgrule-3191493383",
            "ipv6_cidr_blocks": null,
            "prefix_list_ids": null,
            "protocol": "tcp",
            "security_group_id": "sg-012a64af8362026b1",
            "security_group_rule_id": "sgr-0ed3857c66bb9b87a",
            "self": false,
            "source_security_group_id": "sg-0cfc9f648ba9aef45",
            "timeouts": null,
            "to_port": 443,
            "type": "ingress"
          },
          "sensitive_attributes": [],
          "identity_schema_version": 0,
          "private": "eyJlMmJmYjczMC1lY2FhLTExZTYtOGY4OC0zNDM2M2JjN2M0YzAiOnsiY3JlYXRlIjozMDAwMDAwMDAwMDB9LCJzY2hlbWFfdmVyc2lvbiI6IjIifQ==",
          "dependencies": [
            "module.eks.aws_security_group.cluster",
            "module.eks.aws_security_group.node",
            "module.vpc.aws_vpc.this"
          ],
          "create_before_destroy": true
        }
      ]
    },
    {
      "module": "module.eks",
      "mode": "managed",
      "type": "aws_security_group_rule",
      "name": "node",
      "provider": "provider[\"registry.terraform.io/hashicorp/aws\"]",
      "instances": [
        {
          "index_key": "egress_all",
          "schema_version": 2,
          "attributes": {
            "cidr_blocks": [
              "0.0.0.0/0"
            ],
            "description": "Allow all egress",
            "from_port": 0,
            "id": "sgrule-1761293205",
            "ipv6_cidr_blocks": null,
            "prefix_list_ids": [],
            "protocol": "-1",
            "security_group_id": "sg-0cfc9f648ba9aef45",
            "security_group_rule_id": "sgr-08ca948f763f5caa9",
            "self": false,
            "source_security_group_id": null,
            "timeouts": null,
            "to_port": 0,
            "type": "egress"
          },
          "sensitive_attributes": [],
          "identity_schema_version": 0,
          "private": "eyJlMmJmYjczMC1lY2FhLTExZTYtOGY4OC0zNDM2M2JjN2M0YzAiOnsiY3JlYXRlIjozMDAwMDAwMDAwMDB9LCJzY2hlbWFfdmVyc2lvbiI6IjIifQ==",
          "dependencies": [
            "module.eks.aws_security_group.cluster",
            "module.eks.aws_security_group.node",
            "module.vpc.aws_vpc.this"
          ],
          "create_before_destroy": true
        },
        {
          "index_key": "ingress_cluster_443",
          "schema_version": 2,
          "attributes": {
            "cidr_blocks": null,
            "description": "Cluster API to node groups",
            "from_port": 443,
            "id": "sgrule-993283364",
            "ipv6_cidr_blocks": null,
            "prefix_list_ids": [],
            "protocol": "tcp",
            "security_group_id": "sg-0cfc9f648ba9aef45",
            "security_group_rule_id": "sgr-04f3dcc439f5e2287",
            "self": false,
            "source_security_group_id": "sg-012a64af8362026b1",
            "timeouts": null,
            "to_port": 443,
            "type": "ingress"
          },
          "sensitive_attributes": [],
          "identity_schema_version": 0,
          "private": "eyJlMmJmYjczMC1lY2FhLTExZTYtOGY4OC0zNDM2M2JjN2M0YzAiOnsiY3JlYXRlIjozMDAwMDAwMDAwMDB9LCJzY2hlbWFfdmVyc2lvbiI6IjIifQ==",
          "dependencies": [
            "module.eks.aws_security_group.cluster",
            "module.eks.aws_security_group.node",
            "module.vpc.aws_vpc.this"
          ],
          "create_before_destroy": true
        },
        {
          "index_key": "ingress_cluster_4443_webhook",
          "schema_version": 2,
          "attributes": {
            "cidr_blocks": null,
            "description": "Cluster API to node 4443/tcp webhook",
            "from_port": 4443,
            "id": "sgrule-1117362570",
            "ipv6_cidr_blocks": null,
            "prefix_list_ids": [],
            "protocol": "tcp",
            "security_group_id": "sg-0cfc9f648ba9aef45",
            "security_group_rule_id": "sgr-00bd8ff152182cd0d",
            "self": false,
            "source_security_group_id": "sg-012a64af8362026b1",
            "timeouts": null,
            "to_port": 4443,
            "type": "ingress"
          },
          "sensitive_attributes": [],
          "identity_schema_version": 0,
          "private": "eyJlMmJmYjczMC1lY2FhLTExZTYtOGY4OC0zNDM2M2JjN2M0YzAiOnsiY3JlYXRlIjozMDAwMDAwMDAwMDB9LCJzY2hlbWFfdmVyc2lvbiI6IjIifQ==",
          "dependencies": [
            "module.eks.aws_security_group.cluster",
            "module.eks.aws_security_group.node",
            "module.vpc.aws_vpc.this"
          ],
          "create_before_destroy": true
        },
        {
          "index_key": "ingress_cluster_6443_webhook",
          "schema_version": 2,
          "attributes": {
            "cidr_blocks": null,
            "description": "Cluster API to node 6443/tcp webhook",
            "from_port": 6443,
            "id": "sgrule-2346450460",
            "ipv6_cidr_blocks": null,
            "prefix_list_ids": [],
            "protocol": "tcp",
            "security_group_id": "sg-0cfc9f648ba9aef45",
            "security_group_rule_id": "sgr-05ebb07edf8977da1",
            "self": false,
            "source_security_group_id": "sg-012a64af8362026b1",
            "timeouts": null,
            "to_port": 6443,
            "type": "ingress"
          },
          "sensitive_attributes": [],
          "identity_schema_version": 0,
          "private": "eyJlMmJmYjczMC1lY2FhLTExZTYtOGY4OC0zNDM2M2JjN2M0YzAiOnsiY3JlYXRlIjozMDAwMDAwMDAwMDB9LCJzY2hlbWFfdmVyc2lvbiI6IjIifQ==",
          "dependencies": [
            "module.eks.aws_security_group.cluster",
            "module.eks.aws_security_group.node",
            "module.vpc.aws_vpc.this"
          ],
          "create_before_destroy": true
        },
        {
          "index_key": "ingress_cluster_8443_webhook",
          "schema_version": 2,
          "attributes": {
            "cidr_blocks": null,
            "description": "Cluster API to node 8443/tcp webhook",
            "from_port": 8443,
            "id": "sgrule-2559033917",
            "ipv6_cidr_blocks": null,
            "prefix_list_ids": [],
            "protocol": "tcp",
            "security_group_id": "sg-0cfc9f648ba9aef45",
            "security_group_rule_id": "sgr-0407066d4e6317621",
            "self": false,
            "source_security_group_id": "sg-012a64af8362026b1",
            "timeouts": null,
            "to_port": 8443,
            "type": "ingress"
          },
          "sensitive_attributes": [],
          "identity_schema_version": 0,
          "private": "eyJlMmJmYjczMC1lY2FhLTExZTYtOGY4OC0zNDM2M2JjN2M0YzAiOnsiY3JlYXRlIjozMDAwMDAwMDAwMDB9LCJzY2hlbWFfdmVyc2lvbiI6IjIifQ==",
          "dependencies": [
            "module.eks.aws_security_group.cluster",
            "module.eks.aws_security_group.node",
            "module.vpc.aws_vpc.this"
          ],
          "create_before_destroy": true
        },
        {
          "index_key": "ingress_cluster_9443_webhook",
          "schema_version": 2,
          "attributes": {
            "cidr_blocks": null,
            "description": "Cluster API to node 9443/tcp webhook",
            "from_port": 9443,
            "id": "sgrule-4230410742",
            "ipv6_cidr_blocks": null,
            "prefix_list_ids": [],
            "protocol": "tcp",
            "security_group_id": "sg-0cfc9f648ba9aef45",
            "security_group_rule_id": "sgr-01c82e3e5439f244a",
            "self": false,
            "source_security_group_id": "sg-012a64af8362026b1",
            "timeouts": null,
            "to_port": 9443,
            "type": "ingress"
          },
          "sensitive_attributes": [],
          "identity_schema_version": 0,
          "private": "eyJlMmJmYjczMC1lY2FhLTExZTYtOGY4OC0zNDM2M2JjN2M0YzAiOnsiY3JlYXRlIjozMDAwMDAwMDAwMDB9LCJzY2hlbWFfdmVyc2lvbiI6IjIifQ==",
          "dependencies": [
            "module.eks.aws_security_group.cluster",
            "module.eks.aws_security_group.node",
            "module.vpc.aws_vpc.this"
          ],
          "create_before_destroy": true
        },
        {
          "index_key": "ingress_cluster_kubelet",
          "schema_version": 2,
          "attributes": {
            "cidr_blocks": null,
            "description": "Cluster API to node kubelets",
            "from_port": 10250,
            "id": "sgrule-1220915203",
            "ipv6_cidr_blocks": null,
            "prefix_list_ids": [],
            "protocol": "tcp",
            "security_group_id": "sg-0cfc9f648ba9aef45",
            "security_group_rule_id": "sgr-01d3b22e07a77e607",
            "self": false,
            "source_security_group_id": "sg-012a64af8362026b1",
            "timeouts": null,
            "to_port": 10250,
            "type": "ingress"
          },
          "sensitive_attributes": [],
          "identity_schema_version": 0,
          "private": "eyJlMmJmYjczMC1lY2FhLTExZTYtOGY4OC0zNDM2M2JjN2M0YzAiOnsiY3JlYXRlIjozMDAwMDAwMDAwMDB9LCJzY2hlbWFfdmVyc2lvbiI6IjIifQ==",
          "dependencies": [
            "module.eks.aws_security_group.cluster",
            "module.eks.aws_security_group.node",
            "module.vpc.aws_vpc.this"
          ],
          "create_before_destroy": true
        },
        {
          "index_key": "ingress_nodes_ephemeral",
          "schema_version": 2,
          "attributes": {
            "cidr_blocks": null,
            "description": "Node to node ingress on ephemeral ports",
            "from_port": 1025,
            "id": "sgrule-1210373722",
            "ipv6_cidr_blocks": null,
            "prefix_list_ids": [],
            "protocol": "tcp",
            "security_group_id": "sg-0cfc9f648ba9aef45",
            "security_group_rule_id": "sgr-049de2989b6af77a5",
            "self": true,
            "source_security_group_id": null,
            "timeouts": null,
            "to_port": 65535,
            "type": "ingress"
          },
          "sensitive_attributes": [],
          "identity_schema_version": 0,
          "private": "eyJlMmJmYjczMC1lY2FhLTExZTYtOGY4OC0zNDM2M2JjN2M0YzAiOnsiY3JlYXRlIjozMDAwMDAwMDAwMDB9LCJzY2hlbWFfdmVyc2lvbiI6IjIifQ==",
          "dependencies": [
            "module.eks.aws_security_group.cluster",
            "module.eks.aws_security_group.node",
            "module.vpc.aws_vpc.this"
          ],
          "create_before_destroy": true
        },
        {
          "index_key": "ingress_self_coredns_tcp",
          "schema_version": 2,
          "attributes": {
            "cidr_blocks": null,
            "description": "Node to node CoreDNS",
            "from_port": 53,
            "id": "sgrule-1043325912",
            "ipv6_cidr_blocks": null,
            "prefix_list_ids": [],
            "protocol": "tcp",
            "security_group_id": "sg-0cfc9f648ba9aef45",
            "security_group_rule_id": "sgr-091ab39ca08533bae",
            "self": true,
            "source_security_group_id": null,
            "timeouts": null,
            "to_port": 53,
            "type": "ingress"
          },
          "sensitive_attributes": [],
          "identity_schema_version": 0,
          "private": "eyJlMmJmYjczMC1lY2FhLTExZTYtOGY4OC0zNDM2M2JjN2M0YzAiOnsiY3JlYXRlIjozMDAwMDAwMDAwMDB9LCJzY2hlbWFfdmVyc2lvbiI6IjIifQ==",
          "dependencies": [
            "module.eks.aws_security_group.cluster",
            "module.eks.aws_security_group.node",
            "module.vpc.aws_vpc.this"
          ],
          "create_before_destroy": true
        },
        {
          "index_key": "ingress_self_coredns_udp",
          "schema_version": 2,
          "attributes": {
            "cidr_blocks": null,
            "description": "Node to node CoreDNS UDP",
            "from_port": 53,
            "id": "sgrule-2591047735",
            "ipv6_cidr_blocks": null,
            "prefix_list_ids": [],
            "protocol": "udp",
            "security_group_id": "sg-0cfc9f648ba9aef45",
            "security_group_rule_id": "sgr-07e80e30d1d7567ba",
            "self": true,
            "source_security_group_id": null,
            "timeouts": null,
            "to_port": 53,
            "type": "ingress"
          },
          "sensitive_attributes": [],
          "identity_schema_version": 0,
          "private": "eyJlMmJmYjczMC1lY2FhLTExZTYtOGY4OC0zNDM2M2JjN2M0YzAiOnsiY3JlYXRlIjozMDAwMDAwMDAwMDB9LCJzY2hlbWFfdmVyc2lvbiI6IjIifQ==",
          "dependencies": [
            "module.eks.aws_security_group.cluster",
            "module.eks.aws_security_group.node",
            "module.vpc.aws_vpc.this"
          ],
          "create_before_destroy": true
        }
      ]
    },
    {
      "module": "module.eks.module.eks_managed_node_group[\"nodes\"]",
      "mode": "data",
      "type": "aws_caller_identity",
      "name": "current",
      "provider": "provider[\"registry.terraform.io/hashicorp/aws\"]",
      "instances": [
        {
          "schema_version": 0,
          "attributes": {
            "account_id": "740994137212",
            "arn": "arn:aws:iam::740994137212:user/akshay-devops",
            "id": "740994137212",
            "user_id": "AIDA2ZBVRHR6CLJUNA5V6"
          },
          "sensitive_attributes": [],
          "identity_schema_version": 0
        }
      ]
    },
    {
      "module": "module.eks.module.eks_managed_node_group[\"nodes\"]",
      "mode": "data",
      "type": "aws_iam_policy_document",
      "name": "assume_role_policy",
      "provider": "provider[\"registry.terraform.io/hashicorp/aws\"]",
      "instances": [
        {
          "index_key": 0,
          "schema_version": 0,
          "attributes": {
            "id": "2560088296",
            "json": "{\n  \"Version\": \"2012-10-17\",\n  \"Statement\": [\n    {\n      \"Sid\": \"EKSNodeAssumeRole\",\n      \"Effect\": \"Allow\",\n      \"Action\": \"sts:AssumeRole\",\n      \"Principal\": {\n        \"Service\": \"ec2.amazonaws.com\"\n      }\n    }\n  ]\n}",
            "minified_json": "{\"Version\":\"2012-10-17\",\"Statement\":[{\"Sid\":\"EKSNodeAssumeRole\",\"Effect\":\"Allow\",\"Action\":\"sts:AssumeRole\",\"Principal\":{\"Service\":\"ec2.amazonaws.com\"}}]}",
            "override_json": null,
            "override_policy_documents": null,
            "policy_id": null,
            "source_json": null,
            "source_policy_documents": null,
            "statement": [
              {
                "actions": [
                  "sts:AssumeRole"
                ],
                "condition": [],
                "effect": "Allow",
                "not_actions": [],
                "not_principals": [],
                "not_resources": [],
                "principals": [
                  {
                    "identifiers": [
                      "ec2.amazonaws.com"
                    ],
                    "type": "Service"
                  }
                ],
                "resources": [],
                "sid": "EKSNodeAssumeRole"
              }
            ],
            "version": "2012-10-17"
          },
          "sensitive_attributes": [],
          "identity_schema_version": 0
        }
      ]
    },
    {
      "module": "module.eks.module.eks_managed_node_group[\"nodes\"]",
      "mode": "data",
      "type": "aws_partition",
      "name": "current",
      "provider": "provider[\"registry.terraform.io/hashicorp/aws\"]",
      "instances": [
        {
          "schema_version": 0,
          "attributes": {
            "dns_suffix": "amazonaws.com",
            "id": "aws",
            "partition": "aws",
            "reverse_dns_prefix": "com.amazonaws"
          },
          "sensitive_attributes": [],
          "identity_schema_version": 0
        }
      ]
    },
    {
      "module": "module.eks.module.eks_managed_node_group[\"nodes\"]",
      "mode": "managed",
      "type": "aws_iam_role",
      "name": "this",
      "provider": "provider[\"registry.terraform.io/hashicorp/aws\"]",
      "instances": [
        {
          "index_key": 0,
          "schema_version": 0,
          "attributes": {
            "arn": "arn:aws:iam::740994137212:role/nodes-eks-node-group-20260122105645595100000001",
            "assume_role_policy": "{\"Statement\":[{\"Action\":\"sts:AssumeRole\",\"Effect\":\"Allow\",\"Principal\":{\"Service\":\"ec2.amazonaws.com\"},\"Sid\":\"EKSNodeAssumeRole\"}],\"Version\":\"2012-10-17\"}",
            "create_date": "2026-01-22T10:56:47Z",
            "description": "EKS managed node group IAM role",
            "force_detach_policies": true,
            "id": "nodes-eks-node-group-20260122105645595100000001",
            "inline_policy": [],
            "managed_policy_arns": [],
            "max_session_duration": 3600,
            "name": "nodes-eks-node-group-20260122105645595100000001",
            "name_prefix": "nodes-eks-node-group-",
            "path": "/",
            "permissions_boundary": "",
            "tags": null,
            "tags_all": {},
            "unique_id": "AROA2ZBVRHR6BXXQMXUBP"
          },
          "sensitive_attributes": [],
          "identity_schema_version": 0,
          "private": "bnVsbA==",
          "dependencies": [
            "module.eks.module.eks_managed_node_group.data.aws_iam_policy_document.assume_role_policy",
            "module.eks.module.eks_managed_node_group.data.aws_partition.current"
          ],
          "create_before_destroy": true
        }
      ]
    },
    {
      "module": "module.eks.module.eks_managed_node_group[\"nodes\"]",
      "mode": "managed",
      "type": "aws_iam_role_policy_attachment",
      "name": "additional",
      "provider": "provider[\"registry.terraform.io/hashicorp/aws\"]",
      "instances": []
    },
    {
      "module": "module.eks.module.eks_managed_node_group[\"nodes\"]",
      "mode": "managed",
      "type": "aws_iam_role_policy_attachment",
      "name": "this",
      "provider": "provider[\"registry.terraform.io/hashicorp/aws\"]",
      "instances": [
        {
          "index_key": "arn:aws:iam::aws:policy/AmazonEC2ContainerRegistryReadOnly",
          "schema_version": 0,
          "attributes": {
            "id": "nodes-eks-node-group-20260122105645595100000001-20260122105650207300000007",
            "policy_arn": "arn:aws:iam::aws:policy/AmazonEC2ContainerRegistryReadOnly",
            "role": "nodes-eks-node-group-20260122105645595100000001"
          },
          "sensitive_attributes": [],
          "identity_schema_version": 0,
          "private": "bnVsbA==",
          "dependencies": [
            "module.eks.module.eks_managed_node_group.aws_iam_role.this",
            "module.eks.module.eks_managed_node_group.data.aws_caller_identity.current",
            "module.eks.module.eks_managed_node_group.data.aws_iam_policy_document.assume_role_policy",
            "module.eks.module.eks_managed_node_group.data.aws_partition.current"
          ],
          "create_before_destroy": true
        },
        {
          "index_key": "arn:aws:iam::aws:policy/AmazonEKSWorkerNodePolicy",
          "schema_version": 0,
          "attributes": {
            "id": "nodes-eks-node-group-20260122105645595100000001-20260122105650037200000006",
            "policy_arn": "arn:aws:iam::aws:policy/AmazonEKSWorkerNodePolicy",
            "role": "nodes-eks-node-group-20260122105645595100000001"
          },
          "sensitive_attributes": [],
          "identity_schema_version": 0,
          "private": "bnVsbA==",
          "dependencies": [
            "module.eks.module.eks_managed_node_group.aws_iam_role.this",
            "module.eks.module.eks_managed_node_group.data.aws_caller_identity.current",
            "module.eks.module.eks_managed_node_group.data.aws_iam_policy_document.assume_role_policy",
            "module.eks.module.eks_managed_node_group.data.aws_partition.current"
          ],
          "create_before_destroy": true
        },
        {
          "index_key": "arn:aws:iam::aws:policy/AmazonEKS_CNI_Policy",
          "schema_version": 0,
          "attributes": {
            "id": "nodes-eks-node-group-20260122105645595100000001-20260122105649436000000005",
            "policy_arn": "arn:aws:iam::aws:policy/AmazonEKS_CNI_Policy",
            "role": "nodes-eks-node-group-20260122105645595100000001"
          },
          "sensitive_attributes": [],
          "identity_schema_version": 0,
          "private": "bnVsbA==",
          "dependencies": [
            "module.eks.module.eks_managed_node_group.aws_iam_role.this",
            "module.eks.module.eks_managed_node_group.data.aws_caller_identity.current",
            "module.eks.module.eks_managed_node_group.data.aws_iam_policy_document.assume_role_policy",
            "module.eks.module.eks_managed_node_group.data.aws_partition.current"
          ],
          "create_before_destroy": true
        }
      ]
    },
    {
      "module": "module.eks.module.eks_managed_node_group[\"nodes\"].module.user_data",
      "mode": "data",
      "type": "cloudinit_config",
      "name": "linux_eks_managed_node_group",
      "provider": "provider[\"registry.terraform.io/hashicorp/cloudinit\"]",
      "instances": []
    },
    {
      "module": "module.eks.module.kms",
      "mode": "data",
      "type": "aws_caller_identity",
      "name": "current",
      "provider": "provider[\"registry.terraform.io/hashicorp/aws\"]",
      "instances": [
        {
          "schema_version": 0,
          "attributes": {
            "account_id": "740994137212",
            "arn": "arn:aws:iam::740994137212:user/akshay-devops",
            "id": "740994137212",
            "user_id": "AIDA2ZBVRHR6CLJUNA5V6"
          },
          "sensitive_attributes": [],
          "identity_schema_version": 0
        }
      ]
    },
    {
      "module": "module.eks.module.kms",
      "mode": "data",
      "type": "aws_iam_policy_document",
      "name": "this",
      "provider": "provider[\"registry.terraform.io/hashicorp/aws\"]",
      "instances": [
        {
          "index_key": 0,
          "schema_version": 0,
          "attributes": {
            "id": "1298791867",
            "json": "{\n  \"Version\": \"2012-10-17\",\n  \"Statement\": [\n    {\n      \"Sid\": \"KeyAdministration\",\n      \"Effect\": \"Allow\",\n      \"Action\": [\n        \"kms:Update*\",\n        \"kms:UntagResource\",\n        \"kms:TagResource\",\n        \"kms:ScheduleKeyDeletion\",\n        \"kms:Revoke*\",\n        \"kms:Put*\",\n        \"kms:List*\",\n        \"kms:Get*\",\n        \"kms:Enable*\",\n        \"kms:Disable*\",\n        \"kms:Describe*\",\n        \"kms:Delete*\",\n        \"kms:Create*\",\n        \"kms:CancelKeyDeletion\"\n      ],\n      \"Resource\": \"*\",\n      \"Principal\": {\n        \"AWS\": \"arn:aws:iam::740994137212:user/akshay-devops\"\n      }\n    },\n    {\n      \"Sid\": \"KeyUsage\",\n      \"Effect\": \"Allow\",\n      \"Action\": [\n        \"kms:ReEncrypt*\",\n        \"kms:GenerateDataKey*\",\n        \"kms:Encrypt\",\n        \"kms:DescribeKey\",\n        \"kms:Decrypt\"\n      ],\n      \"Resource\": \"*\",\n      \"Principal\": {\n        \"AWS\": \"arn:aws:iam::740994137212:role/task-telemetry-cluster-cluster-20260122105645596000000002\"\n      }\n    }\n  ]\n}",
            "minified_json": "{\"Version\":\"2012-10-17\",\"Statement\":[{\"Sid\":\"KeyAdministration\",\"Effect\":\"Allow\",\"Action\":[\"kms:Update*\",\"kms:UntagResource\",\"kms:TagResource\",\"kms:ScheduleKeyDeletion\",\"kms:Revoke*\",\"kms:Put*\",\"kms:List*\",\"kms:Get*\",\"kms:Enable*\",\"kms:Disable*\",\"kms:Describe*\",\"kms:Delete*\",\"kms:Create*\",\"kms:CancelKeyDeletion\"],\"Resource\":\"*\",\"Principal\":{\"AWS\":\"arn:aws:iam::740994137212:user/akshay-devops\"}},{\"Sid\":\"KeyUsage\",\"Effect\":\"Allow\",\"Action\":[\"kms:ReEncrypt*\",\"kms:GenerateDataKey*\",\"kms:Encrypt\",\"kms:DescribeKey\",\"kms:Decrypt\"],\"Resource\":\"*\",\"Principal\":{\"AWS\":\"arn:aws:iam::740994137212:role/task-telemetry-cluster-cluster-20260122105645596000000002\"}}]}",
            "override_json": null,
            "override_policy_documents": null,
            "policy_id": null,
            "source_json": null,
            "source_policy_documents": null,
            "statement": [
              {
                "actions": [
                  "kms:CancelKeyDeletion",
                  "kms:Create*",
                  "kms:Delete*",
                  "kms:Describe*",
                  "kms:Disable*",
                  "kms:Enable*",
                  "kms:Get*",
                  "kms:List*",
                  "kms:Put*",
                  "kms:Revoke*",
                  "kms:ScheduleKeyDeletion",
                  "kms:TagResource",
                  "kms:UntagResource",
                  "kms:Update*"
                ],
                "condition": [],
                "effect": "Allow",
                "not_actions": [],
                "not_principals": [],
                "not_resources": [],
                "principals": [
                  {
                    "identifiers": [
                      "arn:aws:iam::740994137212:user/akshay-devops"
                    ],
                    "type": "AWS"
                  }
                ],
                "resources": [
                  "*"
                ],
                "sid": "KeyAdministration"
              },
              {
                "actions": [
                  "kms:Decrypt",
                  "kms:DescribeKey",
                  "kms:Encrypt",
                  "kms:GenerateDataKey*",
                  "kms:ReEncrypt*"
                ],
                "condition": [],
                "effect": "Allow",
                "not_actions": [],
                "not_principals": [],
                "not_resources": [],
                "principals": [
                  {
                    "identifiers": [
                      "arn:aws:iam::740994137212:role/task-telemetry-cluster-cluster-20260122105645596000000002"
                    ],
                    "type": "AWS"
                  }
                ],
                "resources": [
                  "*"
                ],
                "sid": "KeyUsage"
              }
            ],
            "version": "2012-10-17"
          },
          "sensitive_attributes": [],
          "identity_schema_version": 0
        }
      ]
    },
    {
      "module": "module.eks.module.kms",
      "mode": "data",
      "type": "aws_partition",
      "name": "current",
      "provider": "provider[\"registry.terraform.io/hashicorp/aws\"]",
      "instances": [
        {
          "schema_version": 0,
          "attributes": {
            "dns_suffix": "amazonaws.com",
            "id": "aws",
            "partition": "aws",
            "reverse_dns_prefix": "com.amazonaws"
          },
          "sensitive_attributes": [],
          "identity_schema_version": 0
        }
      ]
    },
    {
      "module": "module.eks.module.kms",
      "mode": "managed",
      "type": "aws_kms_alias",
      "name": "this",
      "provider": "provider[\"registry.terraform.io/hashicorp/aws\"]",
      "instances": [
        {
          "index_key": "cluster",
          "schema_version": 0,
          "attributes": {
            "arn": "arn:aws:kms:ap-south-1:740994137212:alias/eks/task-telemetry-cluster",
            "id": "alias/eks/task-telemetry-cluster",
            "name": "alias/eks/task-telemetry-cluster",
            "name_prefix": "",
            "target_key_arn": "arn:aws:kms:ap-south-1:740994137212:key/04226790-cdd7-4042-94fc-e5cf8b55257b",
            "target_key_id": "04226790-cdd7-4042-94fc-e5cf8b55257b"
          },
          "sensitive_attributes": [],
          "identity_schema_version": 0,
          "private": "bnVsbA==",
          "dependencies": [
            "module.eks.aws_iam_role.this",
            "module.eks.data.aws_caller_identity.current",
            "module.eks.data.aws_iam_policy_document.assume_role_policy",
            "module.eks.data.aws_iam_session_context.current",
            "module.eks.data.aws_partition.current",
            "module.eks.module.kms.aws_kms_external_key.this",
            "module.eks.module.kms.aws_kms_key.this",
            "module.eks.module.kms.data.aws_caller_identity.current",
            "module.eks.module.kms.data.aws_iam_policy_document.this",
            "module.eks.module.kms.data.aws_partition.current"
          ]
        }
      ]
    },
    {
      "module": "module.eks.module.kms",
      "mode": "managed",
      "type": "aws_kms_external_key",
      "name": "this",
      "provider": "provider[\"registry.terraform.io/hashicorp/aws\"]",
      "instances": []
    },
    {
      "module": "module.eks.module.kms",
      "mode": "managed",
      "type": "aws_kms_grant",
      "name": "this",
      "provider": "provider[\"registry.terraform.io/hashicorp/aws\"]",
      "instances": []
    },
    {
      "module": "module.eks.module.kms",
      "mode": "managed",
      "type": "aws_kms_key",
      "name": "this",
      "provider": "provider[\"registry.terraform.io/hashicorp/aws\"]",
      "instances": [
        {
          "index_key": 0,
          "schema_version": 0,
          "attributes": {
            "arn": "arn:aws:kms:ap-south-1:740994137212:key/04226790-cdd7-4042-94fc-e5cf8b55257b",
            "bypass_policy_lockout_safety_check": false,
            "custom_key_store_id": "",
            "customer_master_key_spec": "SYMMETRIC_DEFAULT",
            "deletion_window_in_days": null,
            "description": "task-telemetry-cluster cluster encryption key",
            "enable_key_rotation": true,
            "id": "04226790-cdd7-4042-94fc-e5cf8b55257b",
            "is_enabled": true,
            "key_id": "04226790-cdd7-4042-94fc-e5cf8b55257b",
            "key_usage": "ENCRYPT_DECRYPT",
            "multi_region": false,
            "policy": "{\"Statement\":[{\"Action\":[\"kms:Update*\",\"kms:UntagResource\",\"kms:TagResource\",\"kms:ScheduleKeyDeletion\",\"kms:Revoke*\",\"kms:Put*\",\"kms:List*\",\"kms:Get*\",\"kms:Enable*\",\"kms:Disable*\",\"kms:Describe*\",\"kms:Delete*\",\"kms:Create*\",\"kms:CancelKeyDeletion\"],\"Effect\":\"Allow\",\"Principal\":{\"AWS\":\"arn:aws:iam::740994137212:user/akshay-devops\"},\"Resource\":\"*\",\"Sid\":\"KeyAdministration\"},{\"Action\":[\"kms:ReEncrypt*\",\"kms:GenerateDataKey*\",\"kms:Encrypt\",\"kms:DescribeKey\",\"kms:Decrypt\"],\"Effect\":\"Allow\",\"Principal\":{\"AWS\":\"arn:aws:iam::740994137212:role/task-telemetry-cluster-cluster-20260122105645596000000002\"},\"Resource\":\"*\",\"Sid\":\"KeyUsage\"}],\"Version\":\"2012-10-17\"}",
            "rotation_period_in_days": 365,
            "tags": null,
            "tags_all": {},
            "timeouts": null,
            "xks_key_id": ""
          },
          "sensitive_attributes": [],
          "identity_schema_version": 0,
          "private": "eyJlMmJmYjczMC1lY2FhLTExZTYtOGY4OC0zNDM2M2JjN2M0YzAiOnsiY3JlYXRlIjoxMjAwMDAwMDAwMDB9fQ==",
          "dependencies": [
            "module.eks.aws_iam_role.this",
            "module.eks.data.aws_caller_identity.current",
            "module.eks.data.aws_iam_policy_document.assume_role_policy",
            "module.eks.data.aws_iam_session_context.current",
            "module.eks.data.aws_partition.current",
            "module.eks.module.kms.data.aws_caller_identity.current",
            "module.eks.module.kms.data.aws_iam_policy_document.this",
            "module.eks.module.kms.data.aws_partition.current"
          ],
          "create_before_destroy": true
        }
      ]
    },
    {
      "module": "module.vpc",
      "mode": "data",
      "type": "aws_iam_policy_document",
      "name": "flow_log_cloudwatch_assume_role",
      "provider": "provider[\"registry.terraform.io/hashicorp/aws\"]",
      "instances": []
    },
    {
      "module": "module.vpc",
      "mode": "data",
      "type": "aws_iam_policy_document",
      "name": "vpc_flow_log_cloudwatch",
      "provider": "provider[\"registry.terraform.io/hashicorp/aws\"]",
      "instances": []
    },
    {
      "module": "module.vpc",
      "mode": "managed",
      "type": "aws_cloudwatch_log_group",
      "name": "flow_log",
      "provider": "provider[\"registry.terraform.io/hashicorp/aws\"]",
      "instances": []
    },
    {
      "module": "module.vpc",
      "mode": "managed",
      "type": "aws_customer_gateway",
      "name": "this",
      "provider": "provider[\"registry.terraform.io/hashicorp/aws\"]",
      "instances": []
    },
    {
      "module": "module.vpc",
      "mode": "managed",
      "type": "aws_db_subnet_group",
      "name": "database",
      "provider": "provider[\"registry.terraform.io/hashicorp/aws\"]",
      "instances": []
    },
    {
      "module": "module.vpc",
      "mode": "managed",
      "type": "aws_default_network_acl",
      "name": "this",
      "provider": "provider[\"registry.terraform.io/hashicorp/aws\"]",
      "instances": [
        {
          "index_key": 0,
          "schema_version": 0,
          "attributes": {
            "arn": "arn:aws:ec2:ap-south-1:740994137212:network-acl/acl-0331cdf7cf412b9c2",
            "default_network_acl_id": "acl-0331cdf7cf412b9c2",
            "egress": [
              {
                "action": "allow",
                "cidr_block": "",
                "from_port": 0,
                "icmp_code": 0,
                "icmp_type": 0,
                "ipv6_cidr_block": "::/0",
                "protocol": "-1",
                "rule_no": 101,
                "to_port": 0
              },
              {
                "action": "allow",
                "cidr_block": "0.0.0.0/0",
                "from_port": 0,
                "icmp_code": 0,
                "icmp_type": 0,
                "ipv6_cidr_block": "",
                "protocol": "-1",
                "rule_no": 100,
                "to_port": 0
              }
            ],
            "id": "acl-0331cdf7cf412b9c2",
            "ingress": [
              {
                "action": "allow",
                "cidr_block": "",
                "from_port": 0,
                "icmp_code": 0,
                "icmp_type": 0,
                "ipv6_cidr_block": "::/0",
                "protocol": "-1",
                "rule_no": 101,
                "to_port": 0
              },
              {
                "action": "allow",
                "cidr_block": "0.0.0.0/0",
                "from_port": 0,
                "icmp_code": 0,
                "icmp_type": 0,
                "ipv6_cidr_block": "",
                "protocol": "-1",
                "rule_no": 100,
                "to_port": 0
              }
            ],
            "owner_id": "740994137212",
            "subnet_ids": [
              "subnet-0496ed625676c909c",
              "subnet-04fa69ab3ea3e187c",
              "subnet-094c27e05686eecf7",
              "subnet-0e2e9d30a18dad7a3"
            ],
            "tags": {
              "Name": "task-telemetry-vpc-default"
            },
            "tags_all": {
              "Name": "task-telemetry-vpc-default"
            },
            "vpc_id": "vpc-03cf372f7926c10f6"
          },
          "sensitive_attributes": [],
          "identity_schema_version": 0,
          "private": "bnVsbA==",
          "dependencies": [
            "module.vpc.aws_vpc.this"
          ]
        }
      ]
    },
    {
      "module": "module.vpc",
      "mode": "managed",
      "type": "aws_default_route_table",
      "name": "default",
      "provider": "provider[\"registry.terraform.io/hashicorp/aws\"]",
      "instances": [
        {
          "index_key": 0,
          "schema_version": 0,
          "attributes": {
            "arn": "arn:aws:ec2:ap-south-1:740994137212:route-table/rtb-02592d3fa3022a405",
            "default_route_table_id": "rtb-02592d3fa3022a405",
            "id": "rtb-02592d3fa3022a405",
            "owner_id": "740994137212",
            "propagating_vgws": [],
            "route": [],
            "tags": {
              "Name": "task-telemetry-vpc-default"
            },
            "tags_all": {
              "Name": "task-telemetry-vpc-default"
            },
            "timeouts": {
              "create": "5m",
              "update": "5m"
            },
            "vpc_id": "vpc-03cf372f7926c10f6"
          },
          "sensitive_attributes": [],
          "identity_schema_version": 0,
          "private": "eyJlMmJmYjczMC1lY2FhLTExZTYtOGY4OC0zNDM2M2JjN2M0YzAiOnsiY3JlYXRlIjozMDAwMDAwMDAwMDAsInVwZGF0ZSI6MzAwMDAwMDAwMDAwfX0=",
          "dependencies": [
            "module.vpc.aws_vpc.this"
          ]
        }
      ]
    },
    {
      "module": "module.vpc",
      "mode": "managed",
      "type": "aws_default_security_group",
      "name": "this",
      "provider": "provider[\"registry.terraform.io/hashicorp/aws\"]",
      "instances": [
        {
          "index_key": 0,
          "schema_version": 1,
          "attributes": {
            "arn": "arn:aws:ec2:ap-south-1:740994137212:security-group/sg-0cb5b8a36bed23b72",
            "description": "default VPC security group",
            "egress": [],
            "id": "sg-0cb5b8a36bed23b72",
            "ingress": [],
            "name": "default",
            "name_prefix": "",
            "owner_id": "740994137212",
            "revoke_rules_on_delete": false,
            "tags": {
              "Name": "task-telemetry-vpc-default"
            },
            "tags_all": {
              "Name": "task-telemetry-vpc-default"
            },
            "vpc_id": "vpc-03cf372f7926c10f6"
          },
          "sensitive_attributes": [],
          "identity_schema_version": 0,
          "private": "eyJzY2hlbWFfdmVyc2lvbiI6IjEifQ==",
          "dependencies": [
            "module.vpc.aws_vpc.this"
          ]
        }
      ]
    },
    {
      "module": "module.vpc",
      "mode": "managed",
      "type": "aws_default_vpc",
      "name": "this",
      "provider": "provider[\"registry.terraform.io/hashicorp/aws\"]",
      "instances": []
    },
    {
      "module": "module.vpc",
      "mode": "managed",
      "type": "aws_egress_only_internet_gateway",
      "name": "this",
      "provider": "provider[\"registry.terraform.io/hashicorp/aws\"]",
      "instances": []
    },
    {
      "module": "module.vpc",
      "mode": "managed",
      "type": "aws_eip",
      "name": "nat",
      "provider": "provider[\"registry.terraform.io/hashicorp/aws\"]",
      "instances": [
        {
          "index_key": 0,
          "schema_version": 0,
          "attributes": {
            "address": null,
            "allocation_id": "eipalloc-049a28feee323fac3",
            "arn": "arn:aws:ec2:ap-south-1:740994137212:elastic-ip/eipalloc-049a28feee323fac3",
            "associate_with_private_ip": null,
            "association_id": "eipassoc-0c7c999f279233e87",
            "carrier_ip": "",
            "customer_owned_ip": "",
            "customer_owned_ipv4_pool": "",
            "domain": "vpc",
            "id": "eipalloc-049a28feee323fac3",
            "instance": "",
            "ipam_pool_id": null,
            "network_border_group": "ap-south-1",
            "network_interface": "eni-064bd4226b4abfa08",
            "private_dns": "ip-10-0-101-16.ap-south-1.compute.internal",
            "private_ip": "10.0.101.16",
            "ptr_record": "",
            "public_dns": "ec2-13-202-53-1.ap-south-1.compute.amazonaws.com",
            "public_ip": "13.202.53.1",
            "public_ipv4_pool": "amazon",
            "tags": {
              "Name": "task-telemetry-vpc-ap-south-1a"
            },
            "tags_all": {
              "Name": "task-telemetry-vpc-ap-south-1a"
            },
            "timeouts": null,
            "vpc": true
          },
          "sensitive_attributes": [],
          "identity_schema_version": 0,
          "private": "eyJlMmJmYjczMC1lY2FhLTExZTYtOGY4OC0zNDM2M2JjN2M0YzAiOnsiZGVsZXRlIjoxODAwMDAwMDAwMDAsInJlYWQiOjkwMDAwMDAwMDAwMCwidXBkYXRlIjozMDAwMDAwMDAwMDB9fQ==",
          "dependencies": [
            "module.vpc.aws_internet_gateway.this",
            "module.vpc.aws_vpc.this",
            "module.vpc.aws_vpc_ipv4_cidr_block_association.this"
          ]
        }
      ]
    },
    {
      "module": "module.vpc",
      "mode": "managed",
      "type": "aws_elasticache_subnet_group",
      "name": "elasticache",
      "provider": "provider[\"registry.terraform.io/hashicorp/aws\"]",
      "instances": []
    },
    {
      "module": "module.vpc",
      "mode": "managed",
      "type": "aws_flow_log",
      "name": "this",
      "provider": "provider[\"registry.terraform.io/hashicorp/aws\"]",
      "instances": []
    },
    {
      "module": "module.vpc",
      "mode": "managed",
      "type": "aws_iam_policy",
      "name": "vpc_flow_log_cloudwatch",
      "provider": "provider[\"registry.terraform.io/hashicorp/aws\"]",
      "instances": []
    },
    {
      "module": "module.vpc",
      "mode": "managed",
      "type": "aws_iam_role",
      "name": "vpc_flow_log_cloudwatch",
      "provider": "provider[\"registry.terraform.io/hashicorp/aws\"]",
      "instances": []
    },
    {
      "module": "module.vpc",
      "mode": "managed",
      "type": "aws_iam_role_policy_attachment",
      "name": "vpc_flow_log_cloudwatch",
      "provider": "provider[\"registry.terraform.io/hashicorp/aws\"]",
      "instances": []
    },
    {
      "module": "module.vpc",
      "mode": "managed",
      "type": "aws_internet_gateway",
      "name": "this",
      "provider": "provider[\"registry.terraform.io/hashicorp/aws\"]",
      "instances": [
        {
          "index_key": 0,
          "schema_version": 0,
          "attributes": {
            "arn": "arn:aws:ec2:ap-south-1:740994137212:internet-gateway/igw-0a059868f3c062309",
            "id": "igw-0a059868f3c062309",
            "owner_id": "740994137212",
            "tags": {
              "Name": "task-telemetry-vpc"
            },
            "tags_all": {
              "Name": "task-telemetry-vpc"
            },
            "timeouts": null,
            "vpc_id": "vpc-03cf372f7926c10f6"
          },
          "sensitive_attributes": [],
          "identity_schema_version": 0,
          "private": "eyJlMmJmYjczMC1lY2FhLTExZTYtOGY4OC0zNDM2M2JjN2M0YzAiOnsiY3JlYXRlIjoxMjAwMDAwMDAwMDAwLCJkZWxldGUiOjEyMDAwMDAwMDAwMDAsInVwZGF0ZSI6MTIwMDAwMDAwMDAwMH19",
          "dependencies": [
            "module.vpc.aws_vpc.this",
            "module.vpc.aws_vpc_ipv4_cidr_block_association.this"
          ]
        }
      ]
    },
    {
      "module": "module.vpc",
      "mode": "managed",
      "type": "aws_nat_gateway",
      "name": "this",
      "provider": "provider[\"registry.terraform.io/hashicorp/aws\"]",
      "instances": [
        {
          "index_key": 0,
          "schema_version": 0,
          "attributes": {
            "allocation_id": "eipalloc-049a28feee323fac3",
            "association_id": "eipassoc-0c7c999f279233e87",
            "connectivity_type": "public",
            "id": "nat-0b68a5384b14f8ee3",
            "network_interface_id": "eni-064bd4226b4abfa08",
            "private_ip": "10.0.101.16",
            "public_ip": "13.202.53.1",
            "secondary_allocation_ids": [],
            "secondary_private_ip_address_count": 0,
            "secondary_private_ip_addresses": [],
            "subnet_id": "subnet-0496ed625676c909c",
            "tags": {
              "Name": "task-telemetry-vpc-ap-south-1a"
            },
            "tags_all": {
              "Name": "task-telemetry-vpc-ap-south-1a"
            },
            "timeouts": null
          },
          "sensitive_attributes": [],
          "identity_schema_version": 0,
          "private": "eyJlMmJmYjczMC1lY2FhLTExZTYtOGY4OC0zNDM2M2JjN2M0YzAiOnsiY3JlYXRlIjo2MDAwMDAwMDAwMDAsImRlbGV0ZSI6MTgwMDAwMDAwMDAwMCwidXBkYXRlIjo2MDAwMDAwMDAwMDB9fQ==",
          "dependencies": [
            "module.vpc.aws_eip.nat",
            "module.vpc.aws_internet_gateway.this",
            "module.vpc.aws_subnet.public",
            "module.vpc.aws_vpc.this",
            "module.vpc.aws_vpc_ipv4_cidr_block_association.this"
          ]
        }
      ]
    },
    {
      "module": "module.vpc",
      "mode": "managed",
      "type": "aws_network_acl",
      "name": "database",
      "provider": "provider[\"registry.terraform.io/hashicorp/aws\"]",
      "instances": []
    },
    {
      "module": "module.vpc",
      "mode": "managed",
      "type": "aws_network_acl",
      "name": "elasticache",
      "provider": "provider[\"registry.terraform.io/hashicorp/aws\"]",
      "instances": []
    },
    {
      "module": "module.vpc",
      "mode": "managed",
      "type": "aws_network_acl",
      "name": "intra",
      "provider": "provider[\"registry.terraform.io/hashicorp/aws\"]",
      "instances": []
    },
    {
      "module": "module.vpc",
      "mode": "managed",
      "type": "aws_network_acl",
      "name": "outpost",
      "provider": "provider[\"registry.terraform.io/hashicorp/aws\"]",
      "instances": []
    },
    {
      "module": "module.vpc",
      "mode": "managed",
      "type": "aws_network_acl",
      "name": "private",
      "provider": "provider[\"registry.terraform.io/hashicorp/aws\"]",
      "instances": []
    },
    {
      "module": "module.vpc",
      "mode": "managed",
      "type": "aws_network_acl",
      "name": "public",
      "provider": "provider[\"registry.terraform.io/hashicorp/aws\"]",
      "instances": []
    },
    {
      "module": "module.vpc",
      "mode": "managed",
      "type": "aws_network_acl",
      "name": "redshift",
      "provider": "provider[\"registry.terraform.io/hashicorp/aws\"]",
      "instances": []
    },
    {
      "module": "module.vpc",
      "mode": "managed",
      "type": "aws_network_acl_rule",
      "name": "database_inbound",
      "provider": "provider[\"registry.terraform.io/hashicorp/aws\"]",
      "instances": []
    },
    {
      "module": "module.vpc",
      "mode": "managed",
      "type": "aws_network_acl_rule",
      "name": "database_outbound",
      "provider": "provider[\"registry.terraform.io/hashicorp/aws\"]",
      "instances": []
    },
    {
      "module": "module.vpc",
      "mode": "managed",
      "type": "aws_network_acl_rule",
      "name": "elasticache_inbound",
      "provider": "provider[\"registry.terraform.io/hashicorp/aws\"]",
      "instances": []
    },
    {
      "module": "module.vpc",
      "mode": "managed",
      "type": "aws_network_acl_rule",
      "name": "elasticache_outbound",
      "provider": "provider[\"registry.terraform.io/hashicorp/aws\"]",
      "instances": []
    },
    {
      "module": "module.vpc",
      "mode": "managed",
      "type": "aws_network_acl_rule",
      "name": "intra_inbound",
      "provider": "provider[\"registry.terraform.io/hashicorp/aws\"]",
      "instances": []
    },
    {
      "module": "module.vpc",
      "mode": "managed",
      "type": "aws_network_acl_rule",
      "name": "intra_outbound",
      "provider": "provider[\"registry.terraform.io/hashicorp/aws\"]",
      "instances": []
    },
    {
      "module": "module.vpc",
      "mode": "managed",
      "type": "aws_network_acl_rule",
      "name": "outpost_inbound",
      "provider": "provider[\"registry.terraform.io/hashicorp/aws\"]",
      "instances": []
    },
    {
      "module": "module.vpc",
      "mode": "managed",
      "type": "aws_network_acl_rule",
      "name": "outpost_outbound",
      "provider": "provider[\"registry.terraform.io/hashicorp/aws\"]",
      "instances": []
    },
    {
      "module": "module.vpc",
      "mode": "managed",
      "type": "aws_network_acl_rule",
      "name": "private_inbound",
      "provider": "provider[\"registry.terraform.io/hashicorp/aws\"]",
      "instances": []
    },
    {
      "module": "module.vpc",
      "mode": "managed",
      "type": "aws_network_acl_rule",
      "name": "private_outbound",
      "provider": "provider[\"registry.terraform.io/hashicorp/aws\"]",
      "instances": []
    },
    {
      "module": "module.vpc",
      "mode": "managed",
      "type": "aws_network_acl_rule",
      "name": "public_inbound",
      "provider": "provider[\"registry.terraform.io/hashicorp/aws\"]",
      "instances": []
    },
    {
      "module": "module.vpc",
      "mode": "managed",
      "type": "aws_network_acl_rule",
      "name": "public_outbound",
      "provider": "provider[\"registry.terraform.io/hashicorp/aws\"]",
      "instances": []
    },
    {
      "module": "module.vpc",
      "mode": "managed",
      "type": "aws_network_acl_rule",
      "name": "redshift_inbound",
      "provider": "provider[\"registry.terraform.io/hashicorp/aws\"]",
      "instances": []
    },
    {
      "module": "module.vpc",
      "mode": "managed",
      "type": "aws_network_acl_rule",
      "name": "redshift_outbound",
      "provider": "provider[\"registry.terraform.io/hashicorp/aws\"]",
      "instances": []
    },
    {
      "module": "module.vpc",
      "mode": "managed",
      "type": "aws_redshift_subnet_group",
      "name": "redshift",
      "provider": "provider[\"registry.terraform.io/hashicorp/aws\"]",
      "instances": []
    },
    {
      "module": "module.vpc",
      "mode": "managed",
      "type": "aws_route",
      "name": "database_dns64_nat_gateway",
      "provider": "provider[\"registry.terraform.io/hashicorp/aws\"]",
      "instances": []
    },
    {
      "module": "module.vpc",
      "mode": "managed",
      "type": "aws_route",
      "name": "database_internet_gateway",
      "provider": "provider[\"registry.terraform.io/hashicorp/aws\"]",
      "instances": []
    },
    {
      "module": "module.vpc",
      "mode": "managed",
      "type": "aws_route",
      "name": "database_ipv6_egress",
      "provider": "provider[\"registry.terraform.io/hashicorp/aws\"]",
      "instances": []
    },
    {
      "module": "module.vpc",
      "mode": "managed",
      "type": "aws_route",
      "name": "database_nat_gateway",
      "provider": "provider[\"registry.terraform.io/hashicorp/aws\"]",
      "instances": []
    },
    {
      "module": "module.vpc",
      "mode": "managed",
      "type": "aws_route",
      "name": "private_dns64_nat_gateway",
      "provider": "provider[\"registry.terraform.io/hashicorp/aws\"]",
      "instances": []
    },
    {
      "module": "module.vpc",
      "mode": "managed",
      "type": "aws_route",
      "name": "private_ipv6_egress",
      "provider": "provider[\"registry.terraform.io/hashicorp/aws\"]",
      "instances": []
    },
    {
      "module": "module.vpc",
      "mode": "managed",
      "type": "aws_route",
      "name": "private_nat_gateway",
      "provider": "provider[\"registry.terraform.io/hashicorp/aws\"]",
      "instances": [
        {
          "index_key": 0,
          "schema_version": 0,
          "attributes": {
            "carrier_gateway_id": "",
            "core_network_arn": "",
            "destination_cidr_block": "0.0.0.0/0",
            "destination_ipv6_cidr_block": "",
            "destination_prefix_list_id": "",
            "egress_only_gateway_id": "",
            "gateway_id": "",
            "id": "r-rtb-06b0b3b4bbf8a1ad91080289494",
            "instance_id": "",
            "instance_owner_id": "",
            "local_gateway_id": "",
            "nat_gateway_id": "nat-0b68a5384b14f8ee3",
            "network_interface_id": "",
            "origin": "CreateRoute",
            "route_table_id": "rtb-06b0b3b4bbf8a1ad9",
            "state": "active",
            "timeouts": {
              "create": "5m",
              "delete": null,
              "update": null
            },
            "transit_gateway_id": "",
            "vpc_endpoint_id": "",
            "vpc_peering_connection_id": ""
          },
          "sensitive_attributes": [],
          "identity_schema_version": 0,
          "private": "eyJlMmJmYjczMC1lY2FhLTExZTYtOGY4OC0zNDM2M2JjN2M0YzAiOnsiY3JlYXRlIjozMDAwMDAwMDAwMDAsImRlbGV0ZSI6MzAwMDAwMDAwMDAwLCJ1cGRhdGUiOjEyMDAwMDAwMDAwMH19",
          "dependencies": [
            "module.vpc.aws_eip.nat",
            "module.vpc.aws_internet_gateway.this",
            "module.vpc.aws_nat_gateway.this",
            "module.vpc.aws_route_table.private",
            "module.vpc.aws_subnet.public",
            "module.vpc.aws_vpc.this",
            "module.vpc.aws_vpc_ipv4_cidr_block_association.this"
          ]
        }
      ]
    },
    {
      "module": "module.vpc",
      "mode": "managed",
      "type": "aws_route",
      "name": "public_internet_gateway",
      "provider": "provider[\"registry.terraform.io/hashicorp/aws\"]",
      "instances": [
        {
          "index_key": 0,
          "schema_version": 0,
          "attributes": {
            "carrier_gateway_id": "",
            "core_network_arn": "",
            "destination_cidr_block": "0.0.0.0/0",
            "destination_ipv6_cidr_block": "",
            "destination_prefix_list_id": "",
            "egress_only_gateway_id": "",
            "gateway_id": "igw-0a059868f3c062309",
            "id": "r-rtb-0ed5dbfa717d2d5d11080289494",
            "instance_id": "",
            "instance_owner_id": "",
            "local_gateway_id": "",
            "nat_gateway_id": "",
            "network_interface_id": "",
            "origin": "CreateRoute",
            "route_table_id": "rtb-0ed5dbfa717d2d5d1",
            "state": "active",
            "timeouts": {
              "create": "5m",
              "delete": null,
              "update": null
            },
            "transit_gateway_id": "",
            "vpc_endpoint_id": "",
            "vpc_peering_connection_id": ""
          },
          "sensitive_attributes": [],
          "identity_schema_version": 0,
          "private": "eyJlMmJmYjczMC1lY2FhLTExZTYtOGY4OC0zNDM2M2JjN2M0YzAiOnsiY3JlYXRlIjozMDAwMDAwMDAwMDAsImRlbGV0ZSI6MzAwMDAwMDAwMDAwLCJ1cGRhdGUiOjEyMDAwMDAwMDAwMH19",
          "dependencies": [
            "module.vpc.aws_internet_gateway.this",
            "module.vpc.aws_route_table.public",
            "module.vpc.aws_vpc.this",
            "module.vpc.aws_vpc_ipv4_cidr_block_association.this"
          ]
        }
      ]
    },
    {
      "module": "module.vpc",
      "mode": "managed",
      "type": "aws_route",
      "name": "public_internet_gateway_ipv6",
      "provider": "provider[\"registry.terraform.io/hashicorp/aws\"]",
      "instances": []
    },
    {
      "module": "module.vpc",
      "mode": "managed",
      "type": "aws_route_table",
      "name": "database",
      "provider": "provider[\"registry.terraform.io/hashicorp/aws\"]",
      "instances": []
    },
    {
      "module": "module.vpc",
      "mode": "managed",
      "type": "aws_route_table",
      "name": "elasticache",
      "provider": "provider[\"registry.terraform.io/hashicorp/aws\"]",
      "instances": []
    },
    {
      "module": "module.vpc",
      "mode": "managed",
      "type": "aws_route_table",
      "name": "intra",
      "provider": "provider[\"registry.terraform.io/hashicorp/aws\"]",
      "instances": []
    },
    {
      "module": "module.vpc",
      "mode": "managed",
      "type": "aws_route_table",
      "name": "private",
      "provider": "provider[\"registry.terraform.io/hashicorp/aws\"]",
      "instances": [
        {
          "index_key": 0,
          "schema_version": 0,
          "attributes": {
            "arn": "arn:aws:ec2:ap-south-1:740994137212:route-table/rtb-06b0b3b4bbf8a1ad9",
            "id": "rtb-06b0b3b4bbf8a1ad9",
            "owner_id": "740994137212",
            "propagating_vgws": [],
            "route": [
              {
                "carrier_gateway_id": "",
                "cidr_block": "0.0.0.0/0",
                "core_network_arn": "",
                "destination_prefix_list_id": "",
                "egress_only_gateway_id": "",
                "gateway_id": "",
                "ipv6_cidr_block": "",
                "local_gateway_id": "",
                "nat_gateway_id": "nat-0b68a5384b14f8ee3",
                "network_interface_id": "",
                "transit_gateway_id": "",
                "vpc_endpoint_id": "",
                "vpc_peering_connection_id": ""
              }
            ],
            "tags": {
              "Name": "task-telemetry-vpc-private"
            },
            "tags_all": {
              "Name": "task-telemetry-vpc-private"
            },
            "timeouts": null,
            "vpc_id": "vpc-03cf372f7926c10f6"
          },
          "sensitive_attributes": [],
          "identity_schema_version": 0,
          "private": "eyJlMmJmYjczMC1lY2FhLTExZTYtOGY4OC0zNDM2M2JjN2M0YzAiOnsiY3JlYXRlIjozMDAwMDAwMDAwMDAsImRlbGV0ZSI6MzAwMDAwMDAwMDAwLCJ1cGRhdGUiOjEyMDAwMDAwMDAwMH19",
          "dependencies": [
            "module.vpc.aws_vpc.this",
            "module.vpc.aws_vpc_ipv4_cidr_block_association.this"
          ]
        }
      ]
    },
    {
      "module": "module.vpc",
      "mode": "managed",
      "type": "aws_route_table",
      "name": "public",
      "provider": "provider[\"registry.terraform.io/hashicorp/aws\"]",
      "instances": [
        {
          "index_key": 0,
          "schema_version": 0,
          "attributes": {
            "arn": "arn:aws:ec2:ap-south-1:740994137212:route-table/rtb-0ed5dbfa717d2d5d1",
            "id": "rtb-0ed5dbfa717d2d5d1",
            "owner_id": "740994137212",
            "propagating_vgws": [],
            "route": [
              {
                "carrier_gateway_id": "",
                "cidr_block": "0.0.0.0/0",
                "core_network_arn": "",
                "destination_prefix_list_id": "",
                "egress_only_gateway_id": "",
                "gateway_id": "igw-0a059868f3c062309",
                "ipv6_cidr_block": "",
                "local_gateway_id": "",
                "nat_gateway_id": "",
                "network_interface_id": "",
                "transit_gateway_id": "",
                "vpc_endpoint_id": "",
                "vpc_peering_connection_id": ""
              }
            ],
            "tags": {
              "Name": "task-telemetry-vpc-public"
            },
            "tags_all": {
              "Name": "task-telemetry-vpc-public"
            },
            "timeouts": null,
            "vpc_id": "vpc-03cf372f7926c10f6"
          },
          "sensitive_attributes": [],
          "identity_schema_version": 0,
          "private": "eyJlMmJmYjczMC1lY2FhLTExZTYtOGY4OC0zNDM2M2JjN2M0YzAiOnsiY3JlYXRlIjozMDAwMDAwMDAwMDAsImRlbGV0ZSI6MzAwMDAwMDAwMDAwLCJ1cGRhdGUiOjEyMDAwMDAwMDAwMH19",
          "dependencies": [
            "module.vpc.aws_vpc.this",
            "module.vpc.aws_vpc_ipv4_cidr_block_association.this"
          ]
        }
      ]
    },
    {
      "module": "module.vpc",
      "mode": "managed",
      "type": "aws_route_table",
      "name": "redshift",
      "provider": "provider[\"registry.terraform.io/hashicorp/aws\"]",
      "instances": []
    },
    {
      "module": "module.vpc",
      "mode": "managed",
      "type": "aws_route_table_association",
      "name": "database",
      "provider": "provider[\"registry.terraform.io/hashicorp/aws\"]",
      "instances": []
    },
    {
      "module": "module.vpc",
      "mode": "managed",
      "type": "aws_route_table_association",
      "name": "elasticache",
      "provider": "provider[\"registry.terraform.io/hashicorp/aws\"]",
      "instances": []
    },
    {
      "module": "module.vpc",
      "mode": "managed",
      "type": "aws_route_table_association",
      "name": "intra",
      "provider": "provider[\"registry.terraform.io/hashicorp/aws\"]",
      "instances": []
    },
    {
      "module": "module.vpc",
      "mode": "managed",
      "type": "aws_route_table_association",
      "name": "outpost",
      "provider": "provider[\"registry.terraform.io/hashicorp/aws\"]",
      "instances": []
    },
    {
      "module": "module.vpc",
      "mode": "managed",
      "type": "aws_route_table_association",
      "name": "private",
      "provider": "provider[\"registry.terraform.io/hashicorp/aws\"]",
      "instances": [
        {
          "index_key": 0,
          "schema_version": 0,
          "attributes": {
            "gateway_id": "",
            "id": "rtbassoc-095cb96ea924c4dc7",
            "route_table_id": "rtb-06b0b3b4bbf8a1ad9",
            "subnet_id": "subnet-0e2e9d30a18dad7a3",
            "timeouts": null
          },
          "sensitive_attributes": [],
          "identity_schema_version": 0,
          "private": "eyJlMmJmYjczMC1lY2FhLTExZTYtOGY4OC0zNDM2M2JjN2M0YzAiOnsiY3JlYXRlIjozMDAwMDAwMDAwMDAsImRlbGV0ZSI6MzAwMDAwMDAwMDAwLCJ1cGRhdGUiOjEyMDAwMDAwMDAwMH19",
          "dependencies": [
            "module.vpc.aws_route_table.private",
            "module.vpc.aws_subnet.private",
            "module.vpc.aws_vpc.this",
            "module.vpc.aws_vpc_ipv4_cidr_block_association.this"
          ]
        },
        {
          "index_key": 1,
          "schema_version": 0,
          "attributes": {
            "gateway_id": "",
            "id": "rtbassoc-026f7f06e6a01974b",
            "route_table_id": "rtb-06b0b3b4bbf8a1ad9",
            "subnet_id": "subnet-04fa69ab3ea3e187c",
            "timeouts": null
          },
          "sensitive_attributes": [],
          "identity_schema_version": 0,
          "private": "eyJlMmJmYjczMC1lY2FhLTExZTYtOGY4OC0zNDM2M2JjN2M0YzAiOnsiY3JlYXRlIjozMDAwMDAwMDAwMDAsImRlbGV0ZSI6MzAwMDAwMDAwMDAwLCJ1cGRhdGUiOjEyMDAwMDAwMDAwMH19",
          "dependencies": [
            "module.vpc.aws_route_table.private",
            "module.vpc.aws_subnet.private",
            "module.vpc.aws_vpc.this",
            "module.vpc.aws_vpc_ipv4_cidr_block_association.this"
          ]
        }
      ]
    },
    {
      "module": "module.vpc",
      "mode": "managed",
      "type": "aws_route_table_association",
      "name": "public",
      "provider": "provider[\"registry.terraform.io/hashicorp/aws\"]",
      "instances": [
        {
          "index_key": 0,
          "schema_version": 0,
          "attributes": {
            "gateway_id": "",
            "id": "rtbassoc-062b8d04c79e098a0",
            "route_table_id": "rtb-0ed5dbfa717d2d5d1",
            "subnet_id": "subnet-0496ed625676c909c",
            "timeouts": null
          },
          "sensitive_attributes": [],
          "identity_schema_version": 0,
          "private": "eyJlMmJmYjczMC1lY2FhLTExZTYtOGY4OC0zNDM2M2JjN2M0YzAiOnsiY3JlYXRlIjozMDAwMDAwMDAwMDAsImRlbGV0ZSI6MzAwMDAwMDAwMDAwLCJ1cGRhdGUiOjEyMDAwMDAwMDAwMH19",
          "dependencies": [
            "module.vpc.aws_route_table.public",
            "module.vpc.aws_subnet.public",
            "module.vpc.aws_vpc.this",
            "module.vpc.aws_vpc_ipv4_cidr_block_association.this"
          ]
        },
        {
          "index_key": 1,
          "schema_version": 0,
          "attributes": {
            "gateway_id": "",
            "id": "rtbassoc-06b7405869feaee7b",
            "route_table_id": "rtb-0ed5dbfa717d2d5d1",
            "subnet_id": "subnet-094c27e05686eecf7",
            "timeouts": null
          },
          "sensitive_attributes": [],
          "identity_schema_version": 0,
          "private": "eyJlMmJmYjczMC1lY2FhLTExZTYtOGY4OC0zNDM2M2JjN2M0YzAiOnsiY3JlYXRlIjozMDAwMDAwMDAwMDAsImRlbGV0ZSI6MzAwMDAwMDAwMDAwLCJ1cGRhdGUiOjEyMDAwMDAwMDAwMH19",
          "dependencies": [
            "module.vpc.aws_route_table.public",
            "module.vpc.aws_subnet.public",
            "module.vpc.aws_vpc.this",
            "module.vpc.aws_vpc_ipv4_cidr_block_association.this"
          ]
        }
      ]
    },
    {
      "module": "module.vpc",
      "mode": "managed",
      "type": "aws_route_table_association",
      "name": "redshift",
      "provider": "provider[\"registry.terraform.io/hashicorp/aws\"]",
      "instances": []
    },
    {
      "module": "module.vpc",
      "mode": "managed",
      "type": "aws_route_table_association",
      "name": "redshift_public",
      "provider": "provider[\"registry.terraform.io/hashicorp/aws\"]",
      "instances": []
    },
    {
      "module": "module.vpc",
      "mode": "managed",
      "type": "aws_subnet",
      "name": "database",
      "provider": "provider[\"registry.terraform.io/hashicorp/aws\"]",
      "instances": []
    },
    {
      "module": "module.vpc",
      "mode": "managed",
      "type": "aws_subnet",
      "name": "elasticache",
      "provider": "provider[\"registry.terraform.io/hashicorp/aws\"]",
      "instances": []
    },
    {
      "module": "module.vpc",
      "mode": "managed",
      "type": "aws_subnet",
      "name": "intra",
      "provider": "provider[\"registry.terraform.io/hashicorp/aws\"]",
      "instances": []
    },
    {
      "module": "module.vpc",
      "mode": "managed",
      "type": "aws_subnet",
      "name": "outpost",
      "provider": "provider[\"registry.terraform.io/hashicorp/aws\"]",
      "instances": []
    },
    {
      "module": "module.vpc",
      "mode": "managed",
      "type": "aws_subnet",
      "name": "private",
      "provider": "provider[\"registry.terraform.io/hashicorp/aws\"]",
      "instances": [
        {
          "index_key": 0,
          "schema_version": 1,
          "attributes": {
            "arn": "arn:aws:ec2:ap-south-1:740994137212:subnet/subnet-0e2e9d30a18dad7a3",
            "assign_ipv6_address_on_creation": false,
            "availability_zone": "ap-south-1a",
            "availability_zone_id": "aps1-az1",
            "cidr_block": "10.0.1.0/24",
            "customer_owned_ipv4_pool": "",
            "enable_dns64": false,
            "enable_lni_at_device_index": 0,
            "enable_resource_name_dns_a_record_on_launch": false,
            "enable_resource_name_dns_aaaa_record_on_launch": false,
            "id": "subnet-0e2e9d30a18dad7a3",
            "ipv6_cidr_block": "",
            "ipv6_cidr_block_association_id": "",
            "ipv6_native": false,
            "map_customer_owned_ip_on_launch": false,
            "map_public_ip_on_launch": false,
            "outpost_arn": "",
            "owner_id": "740994137212",
            "private_dns_hostname_type_on_launch": "ip-name",
            "tags": {
              "Name": "task-telemetry-vpc-private-ap-south-1a"
            },
            "tags_all": {
              "Name": "task-telemetry-vpc-private-ap-south-1a"
            },
            "timeouts": null,
            "vpc_id": "vpc-03cf372f7926c10f6"
          },
          "sensitive_attributes": [],
          "identity_schema_version": 0,
          "private": "eyJlMmJmYjczMC1lY2FhLTExZTYtOGY4OC0zNDM2M2JjN2M0YzAiOnsiY3JlYXRlIjo2MDAwMDAwMDAwMDAsImRlbGV0ZSI6MTIwMDAwMDAwMDAwMH0sInNjaGVtYV92ZXJzaW9uIjoiMSJ9",
          "dependencies": [
            "module.vpc.aws_vpc.this",
            "module.vpc.aws_vpc_ipv4_cidr_block_association.this"
          ],
          "create_before_destroy": true
        },
        {
          "index_key": 1,
          "schema_version": 1,
          "attributes": {
            "arn": "arn:aws:ec2:ap-south-1:740994137212:subnet/subnet-04fa69ab3ea3e187c",
            "assign_ipv6_address_on_creation": false,
            "availability_zone": "ap-south-1b",
            "availability_zone_id": "aps1-az3",
            "cidr_block": "10.0.2.0/24",
            "customer_owned_ipv4_pool": "",
            "enable_dns64": false,
            "enable_lni_at_device_index": 0,
            "enable_resource_name_dns_a_record_on_launch": false,
            "enable_resource_name_dns_aaaa_record_on_launch": false,
            "id": "subnet-04fa69ab3ea3e187c",
            "ipv6_cidr_block": "",
            "ipv6_cidr_block_association_id": "",
            "ipv6_native": false,
            "map_customer_owned_ip_on_launch": false,
            "map_public_ip_on_launch": false,
            "outpost_arn": "",
            "owner_id": "740994137212",
            "private_dns_hostname_type_on_launch": "ip-name",
            "tags": {
              "Name": "task-telemetry-vpc-private-ap-south-1b"
            },
            "tags_all": {
              "Name": "task-telemetry-vpc-private-ap-south-1b"
            },
            "timeouts": null,
            "vpc_id": "vpc-03cf372f7926c10f6"
          },
          "sensitive_attributes": [],
          "identity_schema_version": 0,
          "private": "eyJlMmJmYjczMC1lY2FhLTExZTYtOGY4OC0zNDM2M2JjN2M0YzAiOnsiY3JlYXRlIjo2MDAwMDAwMDAwMDAsImRlbGV0ZSI6MTIwMDAwMDAwMDAwMH0sInNjaGVtYV92ZXJzaW9uIjoiMSJ9",
          "dependencies": [
            "module.vpc.aws_vpc.this",
            "module.vpc.aws_vpc_ipv4_cidr_block_association.this"
          ],
          "create_before_destroy": true
        }
      ]
    },
    {
      "module": "module.vpc",
      "mode": "managed",
      "type": "aws_subnet",
      "name": "public",
      "provider": "provider[\"registry.terraform.io/hashicorp/aws\"]",
      "instances": [
        {
          "index_key": 0,
          "schema_version": 1,
          "attributes": {
            "arn": "arn:aws:ec2:ap-south-1:740994137212:subnet/subnet-0496ed625676c909c",
            "assign_ipv6_address_on_creation": false,
            "availability_zone": "ap-south-1a",
            "availability_zone_id": "aps1-az1",
            "cidr_block": "10.0.101.0/24",
            "customer_owned_ipv4_pool": "",
            "enable_dns64": false,
            "enable_lni_at_device_index": 0,
            "enable_resource_name_dns_a_record_on_launch": false,
            "enable_resource_name_dns_aaaa_record_on_launch": false,
            "id": "subnet-0496ed625676c909c",
            "ipv6_cidr_block": "",
            "ipv6_cidr_block_association_id": "",
            "ipv6_native": false,
            "map_customer_owned_ip_on_launch": false,
            "map_public_ip_on_launch": false,
            "outpost_arn": "",
            "owner_id": "740994137212",
            "private_dns_hostname_type_on_launch": "ip-name",
            "tags": {
              "Name": "task-telemetry-vpc-public-ap-south-1a",
              "kubernetes.io/role/elb": "1"
            },
            "tags_all": {
              "Name": "task-telemetry-vpc-public-ap-south-1a",
              "kubernetes.io/role/elb": "1"
            },
            "timeouts": null,
            "vpc_id": "vpc-03cf372f7926c10f6"
          },
          "sensitive_attributes": [],
          "identity_schema_version": 0,
          "private": "eyJlMmJmYjczMC1lY2FhLTExZTYtOGY4OC0zNDM2M2JjN2M0YzAiOnsiY3JlYXRlIjo2MDAwMDAwMDAwMDAsImRlbGV0ZSI6MTIwMDAwMDAwMDAwMH0sInNjaGVtYV92ZXJzaW9uIjoiMSJ9",
          "dependencies": [
            "module.vpc.aws_vpc.this",
            "module.vpc.aws_vpc_ipv4_cidr_block_association.this"
          ]
        },
        {
          "index_key": 1,
          "schema_version": 1,
          "attributes": {
            "arn": "arn:aws:ec2:ap-south-1:740994137212:subnet/subnet-094c27e05686eecf7",
            "assign_ipv6_address_on_creation": false,
            "availability_zone": "ap-south-1b",
            "availability_zone_id": "aps1-az3",
            "cidr_block": "10.0.102.0/24",
            "customer_owned_ipv4_pool": "",
            "enable_dns64": false,
            "enable_lni_at_device_index": 0,
            "enable_resource_name_dns_a_record_on_launch": false,
            "enable_resource_name_dns_aaaa_record_on_launch": false,
            "id": "subnet-094c27e05686eecf7",
            "ipv6_cidr_block": "",
            "ipv6_cidr_block_association_id": "",
            "ipv6_native": false,
            "map_customer_owned_ip_on_launch": false,
            "map_public_ip_on_launch": false,
            "outpost_arn": "",
            "owner_id": "740994137212",
            "private_dns_hostname_type_on_launch": "ip-name",
            "tags": {
              "Name": "task-telemetry-vpc-public-ap-south-1b",
              "kubernetes.io/role/elb": "1"
            },
            "tags_all": {
              "Name": "task-telemetry-vpc-public-ap-south-1b",
              "kubernetes.io/role/elb": "1"
            },
            "timeouts": null,
            "vpc_id": "vpc-03cf372f7926c10f6"
          },
          "sensitive_attributes": [],
          "identity_schema_version": 0,
          "private": "eyJlMmJmYjczMC1lY2FhLTExZTYtOGY4OC0zNDM2M2JjN2M0YzAiOnsiY3JlYXRlIjo2MDAwMDAwMDAwMDAsImRlbGV0ZSI6MTIwMDAwMDAwMDAwMH0sInNjaGVtYV92ZXJzaW9uIjoiMSJ9",
          "dependencies": [
            "module.vpc.aws_vpc.this",
            "module.vpc.aws_vpc_ipv4_cidr_block_association.this"
          ]
        }
      ]
    },
    {
      "module": "module.vpc",
      "mode": "managed",
      "type": "aws_subnet",
      "name": "redshift",
      "provider": "provider[\"registry.terraform.io/hashicorp/aws\"]",
      "instances": []
    },
    {
      "module": "module.vpc",
      "mode": "managed",
      "type": "aws_vpc",
      "name": "this",
      "provider": "provider[\"registry.terraform.io/hashicorp/aws\"]",
      "instances": [
        {
          "index_key": 0,
          "schema_version": 1,
          "attributes": {
            "arn": "arn:aws:ec2:ap-south-1:740994137212:vpc/vpc-03cf372f7926c10f6",
            "assign_generated_ipv6_cidr_block": false,
            "cidr_block": "10.0.0.0/16",
            "default_network_acl_id": "acl-0331cdf7cf412b9c2",
            "default_route_table_id": "rtb-02592d3fa3022a405",
            "default_security_group_id": "sg-0cb5b8a36bed23b72",
            "dhcp_options_id": "dopt-09fa354805514d803",
            "enable_dns_hostnames": true,
            "enable_dns_support": true,
            "enable_network_address_usage_metrics": false,
            "id": "vpc-03cf372f7926c10f6",
            "instance_tenancy": "default",
            "ipv4_ipam_pool_id": null,
            "ipv4_netmask_length": null,
            "ipv6_association_id": "",
            "ipv6_cidr_block": "",
            "ipv6_cidr_block_network_border_group": "",
            "ipv6_ipam_pool_id": "",
            "ipv6_netmask_length": 0,
            "main_route_table_id": "rtb-02592d3fa3022a405",
            "owner_id": "740994137212",
            "tags": {
              "Name": "task-telemetry-vpc"
            },
            "tags_all": {
              "Name": "task-telemetry-vpc"
            }
          },
          "sensitive_attributes": [],
          "identity_schema_version": 0,
          "private": "eyJzY2hlbWFfdmVyc2lvbiI6IjEifQ==",
          "create_before_destroy": true
        }
      ]
    },
    {
      "module": "module.vpc",
      "mode": "managed",
      "type": "aws_vpc_dhcp_options",
      "name": "this",
      "provider": "provider[\"registry.terraform.io/hashicorp/aws\"]",
      "instances": []
    },
    {
      "module": "module.vpc",
      "mode": "managed",
      "type": "aws_vpc_dhcp_options_association",
      "name": "this",
      "provider": "provider[\"registry.terraform.io/hashicorp/aws\"]",
      "instances": []
    },
    {
      "module": "module.vpc",
      "mode": "managed",
      "type": "aws_vpc_ipv4_cidr_block_association",
      "name": "this",
      "provider": "provider[\"registry.terraform.io/hashicorp/aws\"]",
      "instances": []
    },
    {
      "module": "module.vpc",
      "mode": "managed",
      "type": "aws_vpn_gateway",
      "name": "this",
      "provider": "provider[\"registry.terraform.io/hashicorp/aws\"]",
      "instances": []
    },
    {
      "module": "module.vpc",
      "mode": "managed",
      "type": "aws_vpn_gateway_attachment",
      "name": "this",
      "provider": "provider[\"registry.terraform.io/hashicorp/aws\"]",
      "instances": []
    },
    {
      "module": "module.vpc",
      "mode": "managed",
      "type": "aws_vpn_gateway_route_propagation",
      "name": "intra",
      "provider": "provider[\"registry.terraform.io/hashicorp/aws\"]",
      "instances": []
    },
    {
      "module": "module.vpc",
      "mode": "managed",
      "type": "aws_vpn_gateway_route_propagation",
      "name": "private",
      "provider": "provider[\"registry.terraform.io/hashicorp/aws\"]",
      "instances": []
    },
    {
      "module": "module.vpc",
      "mode": "managed",
      "type": "aws_vpn_gateway_route_propagation",
      "name": "public",
      "provider": "provider[\"registry.terraform.io/hashicorp/aws\"]",
      "instances": []
    }
  ],
  "check_results": null
}
